// !$*UTF8*$!
{
	archiveVersion = 1;
	classes = {
	};
	objectVersion = 50;
	objects = {

/* Begin PBXBuildFile section */
		149AC8852339B92F009C88AB /* SQAddConnectionViewController.m in Sources */ = {isa = PBXBuildFile; fileRef = 149AC8842339B92F009C88AB /* SQAddConnectionViewController.m */; };
		149AC8882339BEE6009C88AB /* SQProfileHeaderView.m in Sources */ = {isa = PBXBuildFile; fileRef = 149AC8872339BEE6009C88AB /* SQProfileHeaderView.m */; };
		149AC88A2339BEF1009C88AB /* SQProfileHeaderView.xib in Resources */ = {isa = PBXBuildFile; fileRef = 149AC8892339BEF1009C88AB /* SQProfileHeaderView.xib */; };
		149AC88E2339C146009C88AB /* SQConnectionPropertyCell.m in Sources */ = {isa = PBXBuildFile; fileRef = 149AC88C2339C146009C88AB /* SQConnectionPropertyCell.m */; };
		149AC88F2339C146009C88AB /* SQConnectionPropertyCell.xib in Resources */ = {isa = PBXBuildFile; fileRef = 149AC88D2339C146009C88AB /* SQConnectionPropertyCell.xib */; };
		149AC8982339F7D4009C88AB /* SQSearchInputView.m in Sources */ = {isa = PBXBuildFile; fileRef = 149AC8962339F7D4009C88AB /* SQSearchInputView.m */; };
		149AC8992339F7D4009C88AB /* SQSearchInputView.xib in Resources */ = {isa = PBXBuildFile; fileRef = 149AC8972339F7D4009C88AB /* SQSearchInputView.xib */; };
		14D633B0233763FF004FD86A /* SQAuthorizationManager.m in Sources */ = {isa = PBXBuildFile; fileRef = 14D633AF233763FF004FD86A /* SQAuthorizationManager.m */; };
		14DC37CB23374CFB00867A92 /* SQH1TitleView.xib in Resources */ = {isa = PBXBuildFile; fileRef = 14DC37C923374CFB00867A92 /* SQH1TitleView.xib */; };
		14DC37CC23374CFB00867A92 /* SQH1TitleView.m in Sources */ = {isa = PBXBuildFile; fileRef = 14DC37CA23374CFB00867A92 /* SQH1TitleView.m */; };
		14DC37CF23374DC600867A92 /* SQConnectionsViewController.m in Sources */ = {isa = PBXBuildFile; fileRef = 14DC37CE23374DC600867A92 /* SQConnectionsViewController.m */; };
		14DC37DF23374FA500867A92 /* UIViewController+SQExtension.m in Sources */ = {isa = PBXBuildFile; fileRef = 14DC37D523374FA500867A92 /* UIViewController+SQExtension.m */; };
		14DC37E023374FA500867A92 /* NSObject+SQExtension.m in Sources */ = {isa = PBXBuildFile; fileRef = 14DC37D823374FA500867A92 /* NSObject+SQExtension.m */; };
		14DC37E123374FA500867A92 /* UIView+SQExtension.m in Sources */ = {isa = PBXBuildFile; fileRef = 14DC37D923374FA500867A92 /* UIView+SQExtension.m */; };
		14DC37E223374FA500867A92 /* UIImage+SQExtension.m in Sources */ = {isa = PBXBuildFile; fileRef = 14DC37DB23374FA500867A92 /* UIImage+SQExtension.m */; };
		14DC37E323374FA500867A92 /* UIColor+SQExtension.m in Sources */ = {isa = PBXBuildFile; fileRef = 14DC37DC23374FA500867A92 /* UIColor+SQExtension.m */; };
		14DC37E72337509E00867A92 /* SQNavigationController.m in Sources */ = {isa = PBXBuildFile; fileRef = 14DC37E62337509E00867A92 /* SQNavigationController.m */; };
		14E97DC72335014B004FC20D /* AppDelegate.m in Sources */ = {isa = PBXBuildFile; fileRef = 14E97DC62335014B004FC20D /* AppDelegate.m */; };
		14E97DCA2335014B004FC20D /* SceneDelegate.m in Sources */ = {isa = PBXBuildFile; fileRef = 14E97DC92335014B004FC20D /* SceneDelegate.m */; };
		14E97DD02335014B004FC20D /* Main.storyboard in Resources */ = {isa = PBXBuildFile; fileRef = 14E97DCE2335014B004FC20D /* Main.storyboard */; };
		14E97DD32335014B004FC20D /* SQManagement.xcdatamodeld in Sources */ = {isa = PBXBuildFile; fileRef = 14E97DD12335014B004FC20D /* SQManagement.xcdatamodeld */; };
		14E97DD52335014C004FC20D /* Assets.xcassets in Resources */ = {isa = PBXBuildFile; fileRef = 14E97DD42335014C004FC20D /* Assets.xcassets */; };
		14E97DD82335014C004FC20D /* LaunchScreen.storyboard in Resources */ = {isa = PBXBuildFile; fileRef = 14E97DD62335014C004FC20D /* LaunchScreen.storyboard */; };
		14E97DDB2335014C004FC20D /* main.m in Sources */ = {isa = PBXBuildFile; fileRef = 14E97DDA2335014C004FC20D /* main.m */; };
		86281F350488505EC9276321 /* libPods-SQManagement.a in Frameworks */ = {isa = PBXBuildFile; fileRef = C91FED4AB00DF039B94EC2BE /* libPods-SQManagement.a */; };
/* End PBXBuildFile section */

/* Begin PBXFileReference section */
		149AC8832339B92F009C88AB /* SQAddConnectionViewController.h */ = {isa = PBXFileReference; lastKnownFileType = sourcecode.c.h; path = SQAddConnectionViewController.h; sourceTree = "<group>"; };
		149AC8842339B92F009C88AB /* SQAddConnectionViewController.m */ = {isa = PBXFileReference; lastKnownFileType = sourcecode.c.objc; path = SQAddConnectionViewController.m; sourceTree = "<group>"; };
		149AC8862339BEE6009C88AB /* SQProfileHeaderView.h */ = {isa = PBXFileReference; lastKnownFileType = sourcecode.c.h; path = SQProfileHeaderView.h; sourceTree = "<group>"; };
		149AC8872339BEE6009C88AB /* SQProfileHeaderView.m */ = {isa = PBXFileReference; lastKnownFileType = sourcecode.c.objc; path = SQProfileHeaderView.m; sourceTree = "<group>"; };
		149AC8892339BEF1009C88AB /* SQProfileHeaderView.xib */ = {isa = PBXFileReference; lastKnownFileType = file.xib; path = SQProfileHeaderView.xib; sourceTree = "<group>"; };
		149AC88B2339C146009C88AB /* SQConnectionPropertyCell.h */ = {isa = PBXFileReference; lastKnownFileType = sourcecode.c.h; path = SQConnectionPropertyCell.h; sourceTree = "<group>"; };
		149AC88C2339C146009C88AB /* SQConnectionPropertyCell.m */ = {isa = PBXFileReference; lastKnownFileType = sourcecode.c.objc; path = SQConnectionPropertyCell.m; sourceTree = "<group>"; };
		149AC88D2339C146009C88AB /* SQConnectionPropertyCell.xib */ = {isa = PBXFileReference; lastKnownFileType = file.xib; path = SQConnectionPropertyCell.xib; sourceTree = "<group>"; };
		149AC8952339F7D4009C88AB /* SQSearchInputView.h */ = {isa = PBXFileReference; fileEncoding = 4; lastKnownFileType = sourcecode.c.h; path = SQSearchInputView.h; sourceTree = "<group>"; };
		149AC8962339F7D4009C88AB /* SQSearchInputView.m */ = {isa = PBXFileReference; fileEncoding = 4; lastKnownFileType = sourcecode.c.objc; path = SQSearchInputView.m; sourceTree = "<group>"; };
		149AC8972339F7D4009C88AB /* SQSearchInputView.xib */ = {isa = PBXFileReference; fileEncoding = 4; lastKnownFileType = file.xib; path = SQSearchInputView.xib; sourceTree = "<group>"; };
		14D633AE233763FF004FD86A /* SQAuthorizationManager.h */ = {isa = PBXFileReference; lastKnownFileType = sourcecode.c.h; path = SQAuthorizationManager.h; sourceTree = "<group>"; };
		14D633AF233763FF004FD86A /* SQAuthorizationManager.m */ = {isa = PBXFileReference; lastKnownFileType = sourcecode.c.objc; path = SQAuthorizationManager.m; sourceTree = "<group>"; };
		14DC37C823374CFB00867A92 /* SQH1TitleView.h */ = {isa = PBXFileReference; fileEncoding = 4; lastKnownFileType = sourcecode.c.h; path = SQH1TitleView.h; sourceTree = "<group>"; };
		14DC37C923374CFB00867A92 /* SQH1TitleView.xib */ = {isa = PBXFileReference; fileEncoding = 4; lastKnownFileType = file.xib; path = SQH1TitleView.xib; sourceTree = "<group>"; };
		14DC37CA23374CFB00867A92 /* SQH1TitleView.m */ = {isa = PBXFileReference; fileEncoding = 4; lastKnownFileType = sourcecode.c.objc; path = SQH1TitleView.m; sourceTree = "<group>"; };
		14DC37CD23374DC600867A92 /* SQConnectionsViewController.h */ = {isa = PBXFileReference; lastKnownFileType = sourcecode.c.h; path = SQConnectionsViewController.h; sourceTree = "<group>"; };
		14DC37CE23374DC600867A92 /* SQConnectionsViewController.m */ = {isa = PBXFileReference; lastKnownFileType = sourcecode.c.objc; path = SQConnectionsViewController.m; sourceTree = "<group>"; };
		14DC37D523374FA500867A92 /* UIViewController+SQExtension.m */ = {isa = PBXFileReference; fileEncoding = 4; lastKnownFileType = sourcecode.c.objc; path = "UIViewController+SQExtension.m"; sourceTree = "<group>"; };
		14DC37D623374FA500867A92 /* UIColor+SQExtension.h */ = {isa = PBXFileReference; fileEncoding = 4; lastKnownFileType = sourcecode.c.h; path = "UIColor+SQExtension.h"; sourceTree = "<group>"; };
		14DC37D723374FA500867A92 /* UIImage+SQExtension.h */ = {isa = PBXFileReference; fileEncoding = 4; lastKnownFileType = sourcecode.c.h; path = "UIImage+SQExtension.h"; sourceTree = "<group>"; };
		14DC37D823374FA500867A92 /* NSObject+SQExtension.m */ = {isa = PBXFileReference; fileEncoding = 4; lastKnownFileType = sourcecode.c.objc; path = "NSObject+SQExtension.m"; sourceTree = "<group>"; };
		14DC37D923374FA500867A92 /* UIView+SQExtension.m */ = {isa = PBXFileReference; fileEncoding = 4; lastKnownFileType = sourcecode.c.objc; path = "UIView+SQExtension.m"; sourceTree = "<group>"; };
		14DC37DA23374FA500867A92 /* UIViewController+SQExtension.h */ = {isa = PBXFileReference; fileEncoding = 4; lastKnownFileType = sourcecode.c.h; path = "UIViewController+SQExtension.h"; sourceTree = "<group>"; };
		14DC37DB23374FA500867A92 /* UIImage+SQExtension.m */ = {isa = PBXFileReference; fileEncoding = 4; lastKnownFileType = sourcecode.c.objc; path = "UIImage+SQExtension.m"; sourceTree = "<group>"; };
		14DC37DC23374FA500867A92 /* UIColor+SQExtension.m */ = {isa = PBXFileReference; fileEncoding = 4; lastKnownFileType = sourcecode.c.objc; path = "UIColor+SQExtension.m"; sourceTree = "<group>"; };
		14DC37DD23374FA500867A92 /* UIView+SQExtension.h */ = {isa = PBXFileReference; fileEncoding = 4; lastKnownFileType = sourcecode.c.h; path = "UIView+SQExtension.h"; sourceTree = "<group>"; };
		14DC37DE23374FA500867A92 /* NSObject+SQExtension.h */ = {isa = PBXFileReference; fileEncoding = 4; lastKnownFileType = sourcecode.c.h; path = "NSObject+SQExtension.h"; sourceTree = "<group>"; };
		14DC37E52337509E00867A92 /* SQNavigationController.h */ = {isa = PBXFileReference; fileEncoding = 4; lastKnownFileType = sourcecode.c.h; path = SQNavigationController.h; sourceTree = "<group>"; };
		14DC37E62337509E00867A92 /* SQNavigationController.m */ = {isa = PBXFileReference; fileEncoding = 4; lastKnownFileType = sourcecode.c.objc; path = SQNavigationController.m; sourceTree = "<group>"; };
		14E97DC22335014B004FC20D /* SQManagement.app */ = {isa = PBXFileReference; explicitFileType = wrapper.application; includeInIndex = 0; path = SQManagement.app; sourceTree = BUILT_PRODUCTS_DIR; };
		14E97DC52335014B004FC20D /* AppDelegate.h */ = {isa = PBXFileReference; lastKnownFileType = sourcecode.c.h; path = AppDelegate.h; sourceTree = "<group>"; };
		14E97DC62335014B004FC20D /* AppDelegate.m */ = {isa = PBXFileReference; lastKnownFileType = sourcecode.c.objc; path = AppDelegate.m; sourceTree = "<group>"; };
		14E97DC82335014B004FC20D /* SceneDelegate.h */ = {isa = PBXFileReference; lastKnownFileType = sourcecode.c.h; path = SceneDelegate.h; sourceTree = "<group>"; };
		14E97DC92335014B004FC20D /* SceneDelegate.m */ = {isa = PBXFileReference; lastKnownFileType = sourcecode.c.objc; path = SceneDelegate.m; sourceTree = "<group>"; };
		14E97DCF2335014B004FC20D /* Base */ = {isa = PBXFileReference; lastKnownFileType = file.storyboard; name = Base; path = Base.lproj/Main.storyboard; sourceTree = "<group>"; };
		14E97DD22335014B004FC20D /* SQManagement.xcdatamodel */ = {isa = PBXFileReference; lastKnownFileType = wrapper.xcdatamodel; path = SQManagement.xcdatamodel; sourceTree = "<group>"; };
		14E97DD42335014C004FC20D /* Assets.xcassets */ = {isa = PBXFileReference; lastKnownFileType = folder.assetcatalog; path = Assets.xcassets; sourceTree = "<group>"; };
		14E97DD72335014C004FC20D /* Base */ = {isa = PBXFileReference; lastKnownFileType = file.storyboard; name = Base; path = Base.lproj/LaunchScreen.storyboard; sourceTree = "<group>"; };
		14E97DD92335014C004FC20D /* Info.plist */ = {isa = PBXFileReference; lastKnownFileType = text.plist.xml; path = Info.plist; sourceTree = "<group>"; };
		14E97DDA2335014C004FC20D /* main.m */ = {isa = PBXFileReference; lastKnownFileType = sourcecode.c.objc; path = main.m; sourceTree = "<group>"; };
		89A0EA0199FF65AB661C1245 /* Pods-SQManagement.release.xcconfig */ = {isa = PBXFileReference; includeInIndex = 1; lastKnownFileType = text.xcconfig; name = "Pods-SQManagement.release.xcconfig"; path = "Pods/Target Support Files/Pods-SQManagement/Pods-SQManagement.release.xcconfig"; sourceTree = "<group>"; };
		99BE157C243BF020FE69E727 /* Pods-SQManagement.debug.xcconfig */ = {isa = PBXFileReference; includeInIndex = 1; lastKnownFileType = text.xcconfig; name = "Pods-SQManagement.debug.xcconfig"; path = "Pods/Target Support Files/Pods-SQManagement/Pods-SQManagement.debug.xcconfig"; sourceTree = "<group>"; };
		C91FED4AB00DF039B94EC2BE /* libPods-SQManagement.a */ = {isa = PBXFileReference; explicitFileType = archive.ar; includeInIndex = 0; path = "libPods-SQManagement.a"; sourceTree = BUILT_PRODUCTS_DIR; };
/* End PBXFileReference section */

/* Begin PBXFrameworksBuildPhase section */
		14E97DBF2335014B004FC20D /* Frameworks */ = {
			isa = PBXFrameworksBuildPhase;
			buildActionMask = 2147483647;
			files = (
				86281F350488505EC9276321 /* libPods-SQManagement.a in Frameworks */,
			);
			runOnlyForDeploymentPostprocessing = 0;
		};
/* End PBXFrameworksBuildPhase section */

/* Begin PBXGroup section */
		14D633B123376549004FD86A /* Tools */ = {
			isa = PBXGroup;
			children = (
				14D633AE233763FF004FD86A /* SQAuthorizationManager.h */,
				14D633AF233763FF004FD86A /* SQAuthorizationManager.m */,
			);
			path = Tools;
			sourceTree = "<group>";
		};
		14DC37D023374F6E00867A92 /* Coms */ = {
			isa = PBXGroup;
			children = (
				149AC8952339F7D4009C88AB /* SQSearchInputView.h */,
				149AC8962339F7D4009C88AB /* SQSearchInputView.m */,
				149AC8972339F7D4009C88AB /* SQSearchInputView.xib */,
				14DC37C823374CFB00867A92 /* SQH1TitleView.h */,
				14DC37CA23374CFB00867A92 /* SQH1TitleView.m */,
				14DC37C923374CFB00867A92 /* SQH1TitleView.xib */,
				149AC8862339BEE6009C88AB /* SQProfileHeaderView.h */,
				149AC8872339BEE6009C88AB /* SQProfileHeaderView.m */,
				149AC8892339BEF1009C88AB /* SQProfileHeaderView.xib */,
				149AC88B2339C146009C88AB /* SQConnectionPropertyCell.h */,
				149AC88C2339C146009C88AB /* SQConnectionPropertyCell.m */,
				149AC88D2339C146009C88AB /* SQConnectionPropertyCell.xib */,
			);
			path = Coms;
			sourceTree = "<group>";
		};
		14DC37D123374F7700867A92 /* Main */ = {
			isa = PBXGroup;
			children = (
				14E97DC52335014B004FC20D /* AppDelegate.h */,
				14E97DC62335014B004FC20D /* AppDelegate.m */,
				14E97DC82335014B004FC20D /* SceneDelegate.h */,
				14E97DC92335014B004FC20D /* SceneDelegate.m */,
				14DC37E52337509E00867A92 /* SQNavigationController.h */,
				14DC37E62337509E00867A92 /* SQNavigationController.m */,
			);
			path = Main;
			sourceTree = "<group>";
		};
		14DC37D423374FA500867A92 /* SQExtension */ = {
			isa = PBXGroup;
			children = (
				14DC37D523374FA500867A92 /* UIViewController+SQExtension.m */,
				14DC37DA23374FA500867A92 /* UIViewController+SQExtension.h */,
				14DC37D623374FA500867A92 /* UIColor+SQExtension.h */,
				14DC37DC23374FA500867A92 /* UIColor+SQExtension.m */,
				14DC37D723374FA500867A92 /* UIImage+SQExtension.h */,
				14DC37DB23374FA500867A92 /* UIImage+SQExtension.m */,
				14DC37DD23374FA500867A92 /* UIView+SQExtension.h */,
				14DC37D923374FA500867A92 /* UIView+SQExtension.m */,
				14DC37DE23374FA500867A92 /* NSObject+SQExtension.h */,
				14DC37D823374FA500867A92 /* NSObject+SQExtension.m */,
			);
			path = SQExtension;
			sourceTree = "<group>";
		};
		14DC37E423374FC300867A92 /* UI */ = {
			isa = PBXGroup;
			children = (
				14DC37CD23374DC600867A92 /* SQConnectionsViewController.h */,
				14DC37CE23374DC600867A92 /* SQConnectionsViewController.m */,
				149AC8832339B92F009C88AB /* SQAddConnectionViewController.h */,
				149AC8842339B92F009C88AB /* SQAddConnectionViewController.m */,
			);
			path = UI;
			sourceTree = "<group>";
		};
		14E97DB92335014B004FC20D = {
			isa = PBXGroup;
			children = (
				14E97DC42335014B004FC20D /* SQManagement */,
				14E97DC32335014B004FC20D /* Products */,
				FA6EE21F06D0877937ED8617 /* Pods */,
				F3A90838C4773BFF69463DAE /* Frameworks */,
			);
			sourceTree = "<group>";
		};
		14E97DC32335014B004FC20D /* Products */ = {
			isa = PBXGroup;
			children = (
				14E97DC22335014B004FC20D /* SQManagement.app */,
			);
			name = Products;
			sourceTree = "<group>";
		};
		14E97DC42335014B004FC20D /* SQManagement */ = {
			isa = PBXGroup;
			children = (
				14DC37D123374F7700867A92 /* Main */,
				14DC37D023374F6E00867A92 /* Coms */,
				14D633B123376549004FD86A /* Tools */,
				14DC37E423374FC300867A92 /* UI */,
				14DC37D423374FA500867A92 /* SQExtension */,
				14E97DCE2335014B004FC20D /* Main.storyboard */,
				14E97DD42335014C004FC20D /* Assets.xcassets */,
				14E97DD62335014C004FC20D /* LaunchScreen.storyboard */,
				14E97DD92335014C004FC20D /* Info.plist */,
				14E97DDA2335014C004FC20D /* main.m */,
				14E97DD12335014B004FC20D /* SQManagement.xcdatamodeld */,
			);
			path = SQManagement;
			sourceTree = "<group>";
		};
		F3A90838C4773BFF69463DAE /* Frameworks */ = {
			isa = PBXGroup;
			children = (
				C91FED4AB00DF039B94EC2BE /* libPods-SQManagement.a */,
			);
			name = Frameworks;
			sourceTree = "<group>";
		};
		FA6EE21F06D0877937ED8617 /* Pods */ = {
			isa = PBXGroup;
			children = (
				99BE157C243BF020FE69E727 /* Pods-SQManagement.debug.xcconfig */,
				89A0EA0199FF65AB661C1245 /* Pods-SQManagement.release.xcconfig */,
			);
			name = Pods;
			sourceTree = "<group>";
		};
/* End PBXGroup section */

/* Begin PBXNativeTarget section */
		14E97DC12335014B004FC20D /* SQManagement */ = {
			isa = PBXNativeTarget;
			buildConfigurationList = 14E97DDE2335014C004FC20D /* Build configuration list for PBXNativeTarget "SQManagement" */;
			buildPhases = (
				C9ECDFE4EE3D424B8EB4AC79 /* [CP] Check Pods Manifest.lock */,
				14E97DBE2335014B004FC20D /* Sources */,
				14E97DBF2335014B004FC20D /* Frameworks */,
				14E97DC02335014B004FC20D /* Resources */,
			);
			buildRules = (
			);
			dependencies = (
			);
			name = SQManagement;
			productName = SQManagement;
			productReference = 14E97DC22335014B004FC20D /* SQManagement.app */;
			productType = "com.apple.product-type.application";
		};
/* End PBXNativeTarget section */

/* Begin PBXProject section */
		14E97DBA2335014B004FC20D /* Project object */ = {
			isa = PBXProject;
			attributes = {
				LastUpgradeCheck = 1100;
				ORGANIZATIONNAME = "Castie!";
				TargetAttributes = {
					14E97DC12335014B004FC20D = {
						CreatedOnToolsVersion = 11.0;
					};
				};
			};
			buildConfigurationList = 14E97DBD2335014B004FC20D /* Build configuration list for PBXProject "SQManagement" */;
			compatibilityVersion = "Xcode 9.3";
			developmentRegion = en;
			hasScannedForEncodings = 0;
			knownRegions = (
				en,
				Base,
			);
			mainGroup = 14E97DB92335014B004FC20D;
			productRefGroup = 14E97DC32335014B004FC20D /* Products */;
			projectDirPath = "";
			projectRoot = "";
			targets = (
				14E97DC12335014B004FC20D /* SQManagement */,
			);
		};
/* End PBXProject section */

/* Begin PBXResourcesBuildPhase section */
		14E97DC02335014B004FC20D /* Resources */ = {
			isa = PBXResourcesBuildPhase;
			buildActionMask = 2147483647;
			files = (
				149AC8992339F7D4009C88AB /* SQSearchInputView.xib in Resources */,
				14DC37CB23374CFB00867A92 /* SQH1TitleView.xib in Resources */,
				14E97DD82335014C004FC20D /* LaunchScreen.storyboard in Resources */,
				14E97DD52335014C004FC20D /* Assets.xcassets in Resources */,
				14E97DD02335014B004FC20D /* Main.storyboard in Resources */,
				149AC88A2339BEF1009C88AB /* SQProfileHeaderView.xib in Resources */,
				149AC88F2339C146009C88AB /* SQConnectionPropertyCell.xib in Resources */,
			);
			runOnlyForDeploymentPostprocessing = 0;
		};
/* End PBXResourcesBuildPhase section */

/* Begin PBXShellScriptBuildPhase section */
		C9ECDFE4EE3D424B8EB4AC79 /* [CP] Check Pods Manifest.lock */ = {
			isa = PBXShellScriptBuildPhase;
			buildActionMask = 2147483647;
			files = (
			);
			inputFileListPaths = (
			);
			inputPaths = (
				"${PODS_PODFILE_DIR_PATH}/Podfile.lock",
				"${PODS_ROOT}/Manifest.lock",
			);
			name = "[CP] Check Pods Manifest.lock";
			outputFileListPaths = (
			);
			outputPaths = (
				"$(DERIVED_FILE_DIR)/Pods-SQManagement-checkManifestLockResult.txt",
			);
			runOnlyForDeploymentPostprocessing = 0;
			shellPath = /bin/sh;
			shellScript = "diff \"${PODS_PODFILE_DIR_PATH}/Podfile.lock\" \"${PODS_ROOT}/Manifest.lock\" > /dev/null\nif [ $? != 0 ] ; then\n    # print error to STDERR\n    echo \"error: The sandbox is not in sync with the Podfile.lock. Run 'pod install' or update your CocoaPods installation.\" >&2\n    exit 1\nfi\n# This output is used by Xcode 'outputs' to avoid re-running this script phase.\necho \"SUCCESS\" > \"${SCRIPT_OUTPUT_FILE_0}\"\n";
			showEnvVarsInLog = 0;
		};
/* End PBXShellScriptBuildPhase section */

/* Begin PBXSourcesBuildPhase section */
		14E97DBE2335014B004FC20D /* Sources */ = {
			isa = PBXSourcesBuildPhase;
			buildActionMask = 2147483647;
			files = (
				14DC37E123374FA500867A92 /* UIView+SQExtension.m in Sources */,
				14E97DDB2335014C004FC20D /* main.m in Sources */,
				14DC37E323374FA500867A92 /* UIColor+SQExtension.m in Sources */,
				14DC37E72337509E00867A92 /* SQNavigationController.m in Sources */,
				14DC37DF23374FA500867A92 /* UIViewController+SQExtension.m in Sources */,
				14E97DC72335014B004FC20D /* AppDelegate.m in Sources */,
				149AC88E2339C146009C88AB /* SQConnectionPropertyCell.m in Sources */,
				14E97DD32335014B004FC20D /* SQManagement.xcdatamodeld in Sources */,
				14DC37CC23374CFB00867A92 /* SQH1TitleView.m in Sources */,
				149AC8982339F7D4009C88AB /* SQSearchInputView.m in Sources */,
				14D633B0233763FF004FD86A /* SQAuthorizationManager.m in Sources */,
				149AC8882339BEE6009C88AB /* SQProfileHeaderView.m in Sources */,
				14DC37E023374FA500867A92 /* NSObject+SQExtension.m in Sources */,
				14DC37CF23374DC600867A92 /* SQConnectionsViewController.m in Sources */,
				149AC8852339B92F009C88AB /* SQAddConnectionViewController.m in Sources */,
				14E97DCA2335014B004FC20D /* SceneDelegate.m in Sources */,
				14DC37E223374FA500867A92 /* UIImage+SQExtension.m in Sources */,
			);
			runOnlyForDeploymentPostprocessing = 0;
		};
/* End PBXSourcesBuildPhase section */

/* Begin PBXVariantGroup section */
		14E97DCE2335014B004FC20D /* Main.storyboard */ = {
			isa = PBXVariantGroup;
			children = (
				14E97DCF2335014B004FC20D /* Base */,
			);
			name = Main.storyboard;
			sourceTree = "<group>";
		};
		14E97DD62335014C004FC20D /* LaunchScreen.storyboard */ = {
			isa = PBXVariantGroup;
			children = (
				14E97DD72335014C004FC20D /* Base */,
			);
			name = LaunchScreen.storyboard;
			sourceTree = "<group>";
		};
/* End PBXVariantGroup section */

/* Begin XCBuildConfiguration section */
		14E97DDC2335014C004FC20D /* Debug */ = {
			isa = XCBuildConfiguration;
			buildSettings = {
				ALWAYS_SEARCH_USER_PATHS = NO;
				CLANG_ANALYZER_NONNULL = YES;
				CLANG_ANALYZER_NUMBER_OBJECT_CONVERSION = YES_AGGRESSIVE;
				CLANG_CXX_LANGUAGE_STANDARD = "gnu++14";
				CLANG_CXX_LIBRARY = "libc++";
				CLANG_ENABLE_MODULES = YES;
				CLANG_ENABLE_OBJC_ARC = YES;
				CLANG_ENABLE_OBJC_WEAK = YES;
				CLANG_WARN_BLOCK_CAPTURE_AUTORELEASING = YES;
				CLANG_WARN_BOOL_CONVERSION = YES;
				CLANG_WARN_COMMA = YES;
				CLANG_WARN_CONSTANT_CONVERSION = YES;
				CLANG_WARN_DEPRECATED_OBJC_IMPLEMENTATIONS = YES;
				CLANG_WARN_DIRECT_OBJC_ISA_USAGE = YES_ERROR;
				CLANG_WARN_DOCUMENTATION_COMMENTS = YES;
				CLANG_WARN_EMPTY_BODY = YES;
				CLANG_WARN_ENUM_CONVERSION = YES;
				CLANG_WARN_INFINITE_RECURSION = YES;
				CLANG_WARN_INT_CONVERSION = YES;
				CLANG_WARN_NON_LITERAL_NULL_CONVERSION = YES;
				CLANG_WARN_OBJC_IMPLICIT_RETAIN_SELF = YES;
				CLANG_WARN_OBJC_LITERAL_CONVERSION = YES;
				CLANG_WARN_OBJC_ROOT_CLASS = YES_ERROR;
				CLANG_WARN_RANGE_LOOP_ANALYSIS = YES;
				CLANG_WARN_STRICT_PROTOTYPES = YES;
				CLANG_WARN_SUSPICIOUS_MOVE = YES;
				CLANG_WARN_UNGUARDED_AVAILABILITY = YES_AGGRESSIVE;
				CLANG_WARN_UNREACHABLE_CODE = YES;
				CLANG_WARN__DUPLICATE_METHOD_MATCH = YES;
				COPY_PHASE_STRIP = NO;
				DEBUG_INFORMATION_FORMAT = dwarf;
				ENABLE_STRICT_OBJC_MSGSEND = YES;
				ENABLE_TESTABILITY = YES;
				GCC_C_LANGUAGE_STANDARD = gnu11;
				GCC_DYNAMIC_NO_PIC = NO;
				GCC_NO_COMMON_BLOCKS = YES;
				GCC_OPTIMIZATION_LEVEL = 0;
				GCC_PREPROCESSOR_DEFINITIONS = (
					"DEBUG=1",
					"$(inherited)",
				);
				GCC_WARN_64_TO_32_BIT_CONVERSION = YES;
				GCC_WARN_ABOUT_RETURN_TYPE = YES_ERROR;
				GCC_WARN_UNDECLARED_SELECTOR = YES;
				GCC_WARN_UNINITIALIZED_AUTOS = YES_AGGRESSIVE;
				GCC_WARN_UNUSED_FUNCTION = YES;
				GCC_WARN_UNUSED_VARIABLE = YES;
				IPHONEOS_DEPLOYMENT_TARGET = 13.0;
				MTL_ENABLE_DEBUG_INFO = INCLUDE_SOURCE;
				MTL_FAST_MATH = YES;
				ONLY_ACTIVE_ARCH = YES;
				SDKROOT = iphoneos;
			};
			name = Debug;
		};
		14E97DDD2335014C004FC20D /* Release */ = {
			isa = XCBuildConfiguration;
			buildSettings = {
				ALWAYS_SEARCH_USER_PATHS = NO;
				CLANG_ANALYZER_NONNULL = YES;
				CLANG_ANALYZER_NUMBER_OBJECT_CONVERSION = YES_AGGRESSIVE;
				CLANG_CXX_LANGUAGE_STANDARD = "gnu++14";
				CLANG_CXX_LIBRARY = "libc++";
				CLANG_ENABLE_MODULES = YES;
				CLANG_ENABLE_OBJC_ARC = YES;
				CLANG_ENABLE_OBJC_WEAK = YES;
				CLANG_WARN_BLOCK_CAPTURE_AUTORELEASING = YES;
				CLANG_WARN_BOOL_CONVERSION = YES;
				CLANG_WARN_COMMA = YES;
				CLANG_WARN_CONSTANT_CONVERSION = YES;
				CLANG_WARN_DEPRECATED_OBJC_IMPLEMENTATIONS = YES;
				CLANG_WARN_DIRECT_OBJC_ISA_USAGE = YES_ERROR;
				CLANG_WARN_DOCUMENTATION_COMMENTS = YES;
				CLANG_WARN_EMPTY_BODY = YES;
				CLANG_WARN_ENUM_CONVERSION = YES;
				CLANG_WARN_INFINITE_RECURSION = YES;
				CLANG_WARN_INT_CONVERSION = YES;
				CLANG_WARN_NON_LITERAL_NULL_CONVERSION = YES;
				CLANG_WARN_OBJC_IMPLICIT_RETAIN_SELF = YES;
				CLANG_WARN_OBJC_LITERAL_CONVERSION = YES;
				CLANG_WARN_OBJC_ROOT_CLASS = YES_ERROR;
				CLANG_WARN_RANGE_LOOP_ANALYSIS = YES;
				CLANG_WARN_STRICT_PROTOTYPES = YES;
				CLANG_WARN_SUSPICIOUS_MOVE = YES;
				CLANG_WARN_UNGUARDED_AVAILABILITY = YES_AGGRESSIVE;
				CLANG_WARN_UNREACHABLE_CODE = YES;
				CLANG_WARN__DUPLICATE_METHOD_MATCH = YES;
				COPY_PHASE_STRIP = NO;
				DEBUG_INFORMATION_FORMAT = "dwarf-with-dsym";
				ENABLE_NS_ASSERTIONS = NO;
				ENABLE_STRICT_OBJC_MSGSEND = YES;
				GCC_C_LANGUAGE_STANDARD = gnu11;
				GCC_NO_COMMON_BLOCKS = YES;
				GCC_WARN_64_TO_32_BIT_CONVERSION = YES;
				GCC_WARN_ABOUT_RETURN_TYPE = YES_ERROR;
				GCC_WARN_UNDECLARED_SELECTOR = YES;
				GCC_WARN_UNINITIALIZED_AUTOS = YES_AGGRESSIVE;
				GCC_WARN_UNUSED_FUNCTION = YES;
				GCC_WARN_UNUSED_VARIABLE = YES;
				IPHONEOS_DEPLOYMENT_TARGET = 13.0;
				MTL_ENABLE_DEBUG_INFO = NO;
				MTL_FAST_MATH = YES;
				SDKROOT = iphoneos;
				VALIDATE_PRODUCT = YES;
			};
			name = Release;
		};
		14E97DDF2335014C004FC20D /* Debug */ = {
			isa = XCBuildConfiguration;
			baseConfigurationReference = 99BE157C243BF020FE69E727 /* Pods-SQManagement.debug.xcconfig */;
			buildSettings = {
				ASSETCATALOG_COMPILER_APPICON_NAME = AppIcon;
				CODE_SIGN_STYLE = Automatic;
				DEVELOPMENT_TEAM = BMZP26248F;
				INFOPLIST_FILE = SQManagement/Info.plist;
				IPHONEOS_DEPLOYMENT_TARGET = 10.0;
				LD_RUNPATH_SEARCH_PATHS = (
					"$(inherited)",
					"@executable_path/Frameworks",
				);
				PRODUCT_BUNDLE_IDENTIFIER = coderZsq.SQManagement;
				PRODUCT_NAME = "$(TARGET_NAME)";
				TARGETED_DEVICE_FAMILY = "1,2";
			};
			name = Debug;
		};
		14E97DE02335014C004FC20D /* Release */ = {
			isa = XCBuildConfiguration;
			baseConfigurationReference = 89A0EA0199FF65AB661C1245 /* Pods-SQManagement.release.xcconfig */;
			buildSettings = {
				ASSETCATALOG_COMPILER_APPICON_NAME = AppIcon;
				CODE_SIGN_STYLE = Automatic;
				DEVELOPMENT_TEAM = BMZP26248F;
				INFOPLIST_FILE = SQManagement/Info.plist;
				IPHONEOS_DEPLOYMENT_TARGET = 10.0;
				LD_RUNPATH_SEARCH_PATHS = (
					"$(inherited)",
					"@executable_path/Frameworks",
				);
				PRODUCT_BUNDLE_IDENTIFIER = coderZsq.SQManagement;
				PRODUCT_NAME = "$(TARGET_NAME)";
				TARGETED_DEVICE_FAMILY = "1,2";
			};
			name = Release;
		};
/* End XCBuildConfiguration section */

/* Begin XCConfigurationList section */
		14E97DBD2335014B004FC20D /* Build configuration list for PBXProject "SQManagement" */ = {
			isa = XCConfigurationList;
			buildConfigurations = (
				14E97DDC2335014C004FC20D /* Debug */,
				14E97DDD2335014C004FC20D /* Release */,
			);
			defaultConfigurationIsVisible = 0;
			defaultConfigurationName = Release;
		};
		14E97DDE2335014C004FC20D /* Build configuration list for PBXNativeTarget "SQManagement" */ = {
			isa = XCConfigurationList;
			buildConfigurations = (
				14E97DDF2335014C004FC20D /* Debug */,
				14E97DE02335014C004FC20D /* Release */,
			);
			defaultConfigurationIsVisible = 0;
			defaultConfigurationName = Release;
		};
/* End XCConfigurationList section */

/* Begin XCVersionGroup section */
		14E97DD12335014B004FC20D /* SQManagement.xcdatamodeld */ = {
			isa = XCVersionGroup;
			children = (
				14E97DD22335014B004FC20D /* SQManagement.xcdatamodel */,
			);
			currentVersion = 14E97DD22335014B004FC20D /* SQManagement.xcdatamodel */;
			path = SQManagement.xcdatamodeld;
			sourceTree = "<group>";
			versionGroupType = wrapper.xcdatamodel;
		};
/* End XCVersionGroup section */
	};
	rootObject = 14E97DBA2335014B004FC20D /* Project object */;
}
