PODS:
  - Masonry (1.0.2)
  - MBProgressHUD (1.0.0)
  - MJExtension (3.0.13)

DEPENDENCIES:
  - Masonry
  - MBProgressHUD
  - MJExtension

SPEC REPOS:
  https://github.com/cocoapods/specs.git:
    - Masonry
    - MBProgressHUD
    - MJExtension

SPEC CHECKSUMS:
  Masonry: 7c429b56da9d4ee0bbb3ed77a5ea710d6a5df39e
  MBProgressHUD: 4890f671c94e8a0f3cf959aa731e9de2f036d71a
  MJExtension: 5932755f451458eefa24239358817f8d291240c7

PODFILE CHECKSUM: 1bd9879d6190d0f56ef2d985b48b65e438d3314d

COCOAPODS: 1.5.3
