// !$*UTF8*$!
{
	archiveVersion = 1;
	classes = {
	};
	objectVersion = 50;
	objects = {

/* Begin PBXBuildFile section */
		14C6654122CB060F003BEE03 /* address_config.json in Resources */ = {isa = PBXBuildFile; fileRef = 14C6654022CB060F003BEE03 /* address_config.json */; };
		14C6655222CB3605003BEE03 /* address_config.md in Resources */ = {isa = PBXBuildFile; fileRef = 14C6655122CB3605003BEE03 /* address_config.md */; };
		14E6064822CA683C009E7BA5 /* AppDelegate.m in Sources */ = {isa = PBXBuildFile; fileRef = 14E6064722CA683C009E7BA5 /* AppDelegate.m */; };
		14E6064B22CA683C009E7BA5 /* ViewController.m in Sources */ = {isa = PBXBuildFile; fileRef = 14E6064A22CA683C009E7BA5 /* ViewController.m */; };
		14E6064E22CA683C009E7BA5 /* Main.storyboard in Resources */ = {isa = PBXBuildFile; fileRef = 14E6064C22CA683C009E7BA5 /* Main.storyboard */; };
		14E6065022CA683D009E7BA5 /* Assets.xcassets in Resources */ = {isa = PBXBuildFile; fileRef = 14E6064F22CA683D009E7BA5 /* Assets.xcassets */; };
		14E6065322CA683D009E7BA5 /* LaunchScreen.storyboard in Resources */ = {isa = PBXBuildFile; fileRef = 14E6065122CA683D009E7BA5 /* LaunchScreen.storyboard */; };
		14E6065622CA683D009E7BA5 /* main.m in Sources */ = {isa = PBXBuildFile; fileRef = 14E6065522CA683D009E7BA5 /* main.m */; };
		14E6066B22CAFCD3009E7BA5 /* AppDelegate+SQPasteProxy.m in Sources */ = {isa = PBXBuildFile; fileRef = 14E6066A22CAFCD3009E7BA5 /* AppDelegate+SQPasteProxy.m */; };
/* End PBXBuildFile section */

/* Begin PBXFileReference section */
		14C6654022CB060F003BEE03 /* address_config.json */ = {isa = PBXFileReference; lastKnownFileType = text.json; path = address_config.json; sourceTree = "<group>"; };
		14C6655122CB3605003BEE03 /* address_config.md */ = {isa = PBXFileReference; lastKnownFileType = net.daringfireball.markdown; path = address_config.md; sourceTree = "<group>"; };
		14E6064322CA683C009E7BA5 /* SQPasteProxy.app */ = {isa = PBXFileReference; explicitFileType = wrapper.application; includeInIndex = 0; path = SQPasteProxy.app; sourceTree = BUILT_PRODUCTS_DIR; };
		14E6064622CA683C009E7BA5 /* AppDelegate.h */ = {isa = PBXFileReference; lastKnownFileType = sourcecode.c.h; path = AppDelegate.h; sourceTree = "<group>"; };
		14E6064722CA683C009E7BA5 /* AppDelegate.m */ = {isa = PBXFileReference; lastKnownFileType = sourcecode.c.objc; path = AppDelegate.m; sourceTree = "<group>"; };
		14E6064922CA683C009E7BA5 /* ViewController.h */ = {isa = PBXFileReference; lastKnownFileType = sourcecode.c.h; path = ViewController.h; sourceTree = "<group>"; };
		14E6064A22CA683C009E7BA5 /* ViewController.m */ = {isa = PBXFileReference; lastKnownFileType = sourcecode.c.objc; path = ViewController.m; sourceTree = "<group>"; };
		14E6064D22CA683C009E7BA5 /* Base */ = {isa = PBXFileReference; lastKnownFileType = file.storyboard; name = Base; path = Base.lproj/Main.storyboard; sourceTree = "<group>"; };
		14E6064F22CA683D009E7BA5 /* Assets.xcassets */ = {isa = PBXFileReference; lastKnownFileType = folder.assetcatalog; path = Assets.xcassets; sourceTree = "<group>"; };
		14E6065222CA683D009E7BA5 /* Base */ = {isa = PBXFileReference; lastKnownFileType = file.storyboard; name = Base; path = Base.lproj/LaunchScreen.storyboard; sourceTree = "<group>"; };
		14E6065422CA683D009E7BA5 /* Info.plist */ = {isa = PBXFileReference; lastKnownFileType = text.plist.xml; path = Info.plist; sourceTree = "<group>"; };
		14E6065522CA683D009E7BA5 /* main.m */ = {isa = PBXFileReference; lastKnownFileType = sourcecode.c.objc; path = main.m; sourceTree = "<group>"; };
		14E6066022CA69E7009E7BA5 /* libicucore.tbd */ = {isa = PBXFileReference; lastKnownFileType = "sourcecode.text-based-dylib-definition"; name = libicucore.tbd; path = usr/lib/libicucore.tbd; sourceTree = SDKROOT; };
		14E6066922CAFCD3009E7BA5 /* AppDelegate+SQPasteProxy.h */ = {isa = PBXFileReference; lastKnownFileType = sourcecode.c.h; path = "AppDelegate+SQPasteProxy.h"; sourceTree = "<group>"; };
		14E6066A22CAFCD3009E7BA5 /* AppDelegate+SQPasteProxy.m */ = {isa = PBXFileReference; lastKnownFileType = sourcecode.c.objc; path = "AppDelegate+SQPasteProxy.m"; sourceTree = "<group>"; };
/* End PBXFileReference section */

/* Begin PBXFrameworksBuildPhase section */
		14E6064022CA683C009E7BA5 /* Frameworks */ = {
			isa = PBXFrameworksBuildPhase;
			buildActionMask = 2147483647;
			files = (
			);
			runOnlyForDeploymentPostprocessing = 0;
		};
/* End PBXFrameworksBuildPhase section */

/* Begin PBXGroup section */
		14C6654422CB2604003BEE03 /* SQPasteProxy */ = {
			isa = PBXGroup;
			children = (
				14E6066922CAFCD3009E7BA5 /* AppDelegate+SQPasteProxy.h */,
				14E6066A22CAFCD3009E7BA5 /* AppDelegate+SQPasteProxy.m */,
				14C6654022CB060F003BEE03 /* address_config.json */,
				14C6655122CB3605003BEE03 /* address_config.md */,
			);
			path = SQPasteProxy;
			sourceTree = "<group>";
		};
		14E6063A22CA683C009E7BA5 = {
			isa = PBXGroup;
			children = (
				14E6064522CA683C009E7BA5 /* SQPasteProxy */,
				14E6064422CA683C009E7BA5 /* Products */,
				14E6065F22CA69E7009E7BA5 /* Frameworks */,
			);
			sourceTree = "<group>";
		};
		14E6064422CA683C009E7BA5 /* Products */ = {
			isa = PBXGroup;
			children = (
				14E6064322CA683C009E7BA5 /* SQPasteProxy.app */,
			);
			name = Products;
			sourceTree = "<group>";
		};
		14E6064522CA683C009E7BA5 /* SQPasteProxy */ = {
			isa = PBXGroup;
			children = (
				14C6654422CB2604003BEE03 /* SQPasteProxy */,
				14E6064622CA683C009E7BA5 /* AppDelegate.h */,
				14E6064722CA683C009E7BA5 /* AppDelegate.m */,
				14E6064922CA683C009E7BA5 /* ViewController.h */,
				14E6064A22CA683C009E7BA5 /* ViewController.m */,
				14E6064C22CA683C009E7BA5 /* Main.storyboard */,
				14E6064F22CA683D009E7BA5 /* Assets.xcassets */,
				14E6065122CA683D009E7BA5 /* LaunchScreen.storyboard */,
				14E6065422CA683D009E7BA5 /* Info.plist */,
				14E6065522CA683D009E7BA5 /* main.m */,
			);
			path = SQPasteProxy;
			sourceTree = "<group>";
		};
		14E6065F22CA69E7009E7BA5 /* Frameworks */ = {
			isa = PBXGroup;
			children = (
				14E6066022CA69E7009E7BA5 /* libicucore.tbd */,
			);
			name = Frameworks;
			sourceTree = "<group>";
		};
/* End PBXGroup section */

/* Begin PBXNativeTarget section */
		14E6064222CA683C009E7BA5 /* SQPasteProxy */ = {
			isa = PBXNativeTarget;
			buildConfigurationList = 14E6065922CA683D009E7BA5 /* Build configuration list for PBXNativeTarget "SQPasteProxy" */;
			buildPhases = (
				14E6063F22CA683C009E7BA5 /* Sources */,
				14E6064022CA683C009E7BA5 /* Frameworks */,
				14E6064122CA683C009E7BA5 /* Resources */,
			);
			buildRules = (
			);
			dependencies = (
			);
			name = SQPasteProxy;
			productName = SQPasteProxy;
			productReference = 14E6064322CA683C009E7BA5 /* SQPasteProxy.app */;
			productType = "com.apple.product-type.application";
		};
/* End PBXNativeTarget section */

/* Begin PBXProject section */
		14E6063B22CA683C009E7BA5 /* Project object */ = {
			isa = PBXProject;
			attributes = {
				LastUpgradeCheck = 1020;
				ORGANIZATIONNAME = "Castie!";
				TargetAttributes = {
					14E6064222CA683C009E7BA5 = {
						CreatedOnToolsVersion = 10.2.1;
					};
				};
			};
			buildConfigurationList = 14E6063E22CA683C009E7BA5 /* Build configuration list for PBXProject "SQPasteProxy" */;
			compatibilityVersion = "Xcode 9.3";
			developmentRegion = en;
			hasScannedForEncodings = 0;
			knownRegions = (
				en,
				Base,
			);
			mainGroup = 14E6063A22CA683C009E7BA5;
			productRefGroup = 14E6064422CA683C009E7BA5 /* Products */;
			projectDirPath = "";
			projectRoot = "";
			targets = (
				14E6064222CA683C009E7BA5 /* SQPasteProxy */,
			);
		};
/* End PBXProject section */

/* Begin PBXResourcesBuildPhase section */
		14E6064122CA683C009E7BA5 /* Resources */ = {
			isa = PBXResourcesBuildPhase;
			buildActionMask = 2147483647;
			files = (
				14E6065322CA683D009E7BA5 /* LaunchScreen.storyboard in Resources */,
				14C6655222CB3605003BEE03 /* address_config.md in Resources */,
				14E6065022CA683D009E7BA5 /* Assets.xcassets in Resources */,
				14C6654122CB060F003BEE03 /* address_config.json in Resources */,
				14E6064E22CA683C009E7BA5 /* Main.storyboard in Resources */,
			);
			runOnlyForDeploymentPostprocessing = 0;
		};
/* End PBXResourcesBuildPhase section */

/* Begin PBXSourcesBuildPhase section */
		14E6063F22CA683C009E7BA5 /* Sources */ = {
			isa = PBXSourcesBuildPhase;
			buildActionMask = 2147483647;
			files = (
				14E6064B22CA683C009E7BA5 /* ViewController.m in Sources */,
				14E6065622CA683D009E7BA5 /* main.m in Sources */,
				14E6066B22CAFCD3009E7BA5 /* AppDelegate+SQPasteProxy.m in Sources */,
				14E6064822CA683C009E7BA5 /* AppDelegate.m in Sources */,
			);
			runOnlyForDeploymentPostprocessing = 0;
		};
/* End PBXSourcesBuildPhase section */

/* Begin PBXVariantGroup section */
		14E6064C22CA683C009E7BA5 /* Main.storyboard */ = {
			isa = PBXVariantGroup;
			children = (
				14E6064D22CA683C009E7BA5 /* Base */,
			);
			name = Main.storyboard;
			sourceTree = "<group>";
		};
		14E6065122CA683D009E7BA5 /* LaunchScreen.storyboard */ = {
			isa = PBXVariantGroup;
			children = (
				14E6065222CA683D009E7BA5 /* Base */,
			);
			name = LaunchScreen.storyboard;
			sourceTree = "<group>";
		};
/* End PBXVariantGroup section */

/* Begin XCBuildConfiguration section */
		14E6065722CA683D009E7BA5 /* Debug */ = {
			isa = XCBuildConfiguration;
			buildSettings = {
				ALWAYS_SEARCH_USER_PATHS = NO;
				CLANG_ANALYZER_NONNULL = YES;
				CLANG_ANALYZER_NUMBER_OBJECT_CONVERSION = YES_AGGRESSIVE;
				CLANG_CXX_LANGUAGE_STANDARD = "gnu++14";
				CLANG_CXX_LIBRARY = "libc++";
				CLANG_ENABLE_MODULES = YES;
				CLANG_ENABLE_OBJC_ARC = YES;
				CLANG_ENABLE_OBJC_WEAK = YES;
				CLANG_WARN_BLOCK_CAPTURE_AUTORELEASING = YES;
				CLANG_WARN_BOOL_CONVERSION = YES;
				CLANG_WARN_COMMA = YES;
				CLANG_WARN_CONSTANT_CONVERSION = YES;
				CLANG_WARN_DEPRECATED_OBJC_IMPLEMENTATIONS = YES;
				CLANG_WARN_DIRECT_OBJC_ISA_USAGE = YES_ERROR;
				CLANG_WARN_DOCUMENTATION_COMMENTS = YES;
				CLANG_WARN_EMPTY_BODY = YES;
				CLANG_WARN_ENUM_CONVERSION = YES;
				CLANG_WARN_INFINITE_RECURSION = YES;
				CLANG_WARN_INT_CONVERSION = YES;
				CLANG_WARN_NON_LITERAL_NULL_CONVERSION = YES;
				CLANG_WARN_OBJC_IMPLICIT_RETAIN_SELF = YES;
				CLANG_WARN_OBJC_LITERAL_CONVERSION = YES;
				CLANG_WARN_OBJC_ROOT_CLASS = YES_ERROR;
				CLANG_WARN_RANGE_LOOP_ANALYSIS = YES;
				CLANG_WARN_STRICT_PROTOTYPES = YES;
				CLANG_WARN_SUSPICIOUS_MOVE = YES;
				CLANG_WARN_UNGUARDED_AVAILABILITY = YES_AGGRESSIVE;
				CLANG_WARN_UNREACHABLE_CODE = YES;
				CLANG_WARN__DUPLICATE_METHOD_MATCH = YES;
				CODE_SIGN_IDENTITY = "iPhone Developer";
				COPY_PHASE_STRIP = NO;
				DEBUG_INFORMATION_FORMAT = dwarf;
				ENABLE_STRICT_OBJC_MSGSEND = YES;
				ENABLE_TESTABILITY = YES;
				GCC_C_LANGUAGE_STANDARD = gnu11;
				GCC_DYNAMIC_NO_PIC = NO;
				GCC_NO_COMMON_BLOCKS = YES;
				GCC_OPTIMIZATION_LEVEL = 0;
				GCC_PREPROCESSOR_DEFINITIONS = (
					"DEBUG=1",
					"$(inherited)",
				);
				GCC_WARN_64_TO_32_BIT_CONVERSION = YES;
				GCC_WARN_ABOUT_RETURN_TYPE = YES_ERROR;
				GCC_WARN_UNDECLARED_SELECTOR = YES;
				GCC_WARN_UNINITIALIZED_AUTOS = YES_AGGRESSIVE;
				GCC_WARN_UNUSED_FUNCTION = YES;
				GCC_WARN_UNUSED_VARIABLE = YES;
				IPHONEOS_DEPLOYMENT_TARGET = 12.2;
				MTL_ENABLE_DEBUG_INFO = INCLUDE_SOURCE;
				MTL_FAST_MATH = YES;
				ONLY_ACTIVE_ARCH = YES;
				SDKROOT = iphoneos;
			};
			name = Debug;
		};
		14E6065822CA683D009E7BA5 /* Release */ = {
			isa = XCBuildConfiguration;
			buildSettings = {
				ALWAYS_SEARCH_USER_PATHS = NO;
				CLANG_ANALYZER_NONNULL = YES;
				CLANG_ANALYZER_NUMBER_OBJECT_CONVERSION = YES_AGGRESSIVE;
				CLANG_CXX_LANGUAGE_STANDARD = "gnu++14";
				CLANG_CXX_LIBRARY = "libc++";
				CLANG_ENABLE_MODULES = YES;
				CLANG_ENABLE_OBJC_ARC = YES;
				CLANG_ENABLE_OBJC_WEAK = YES;
				CLANG_WARN_BLOCK_CAPTURE_AUTORELEASING = YES;
				CLANG_WARN_BOOL_CONVERSION = YES;
				CLANG_WARN_COMMA = YES;
				CLANG_WARN_CONSTANT_CONVERSION = YES;
				CLANG_WARN_DEPRECATED_OBJC_IMPLEMENTATIONS = YES;
				CLANG_WARN_DIRECT_OBJC_ISA_USAGE = YES_ERROR;
				CLANG_WARN_DOCUMENTATION_COMMENTS = YES;
				CLANG_WARN_EMPTY_BODY = YES;
				CLANG_WARN_ENUM_CONVERSION = YES;
				CLANG_WARN_INFINITE_RECURSION = YES;
				CLANG_WARN_INT_CONVERSION = YES;
				CLANG_WARN_NON_LITERAL_NULL_CONVERSION = YES;
				CLANG_WARN_OBJC_IMPLICIT_RETAIN_SELF = YES;
				CLANG_WARN_OBJC_LITERAL_CONVERSION = YES;
				CLANG_WARN_OBJC_ROOT_CLASS = YES_ERROR;
				CLANG_WARN_RANGE_LOOP_ANALYSIS = YES;
				CLANG_WARN_STRICT_PROTOTYPES = YES;
				CLANG_WARN_SUSPICIOUS_MOVE = YES;
				CLANG_WARN_UNGUARDED_AVAILABILITY = YES_AGGRESSIVE;
				CLANG_WARN_UNREACHABLE_CODE = YES;
				CLANG_WARN__DUPLICATE_METHOD_MATCH = YES;
				CODE_SIGN_IDENTITY = "iPhone Developer";
				COPY_PHASE_STRIP = NO;
				DEBUG_INFORMATION_FORMAT = "dwarf-with-dsym";
				ENABLE_NS_ASSERTIONS = NO;
				ENABLE_STRICT_OBJC_MSGSEND = YES;
				GCC_C_LANGUAGE_STANDARD = gnu11;
				GCC_NO_COMMON_BLOCKS = YES;
				GCC_WARN_64_TO_32_BIT_CONVERSION = YES;
				GCC_WARN_ABOUT_RETURN_TYPE = YES_ERROR;
				GCC_WARN_UNDECLARED_SELECTOR = YES;
				GCC_WARN_UNINITIALIZED_AUTOS = YES_AGGRESSIVE;
				GCC_WARN_UNUSED_FUNCTION = YES;
				GCC_WARN_UNUSED_VARIABLE = YES;
				IPHONEOS_DEPLOYMENT_TARGET = 12.2;
				MTL_ENABLE_DEBUG_INFO = NO;
				MTL_FAST_MATH = YES;
				SDKROOT = iphoneos;
				VALIDATE_PRODUCT = YES;
			};
			name = Release;
		};
		14E6065A22CA683D009E7BA5 /* Debug */ = {
			isa = XCBuildConfiguration;
			buildSettings = {
				ASSETCATALOG_COMPILER_APPICON_NAME = AppIcon;
				CODE_SIGN_STYLE = Automatic;
				DEVELOPMENT_TEAM = BMZP26248F;
				INFOPLIST_FILE = SQPasteProxy/Info.plist;
				LD_RUNPATH_SEARCH_PATHS = (
					"$(inherited)",
					"@executable_path/Frameworks",
				);
				OTHER_LDFLAGS = "";
				PRODUCT_BUNDLE_IDENTIFIER = coderZsq.SQPasteProxy;
				PRODUCT_NAME = "$(TARGET_NAME)";
				TARGETED_DEVICE_FAMILY = "1,2";
			};
			name = Debug;
		};
		14E6065B22CA683D009E7BA5 /* Release */ = {
			isa = XCBuildConfiguration;
			buildSettings = {
				ASSETCATALOG_COMPILER_APPICON_NAME = AppIcon;
				CODE_SIGN_STYLE = Automatic;
				DEVELOPMENT_TEAM = BMZP26248F;
				INFOPLIST_FILE = SQPasteProxy/Info.plist;
				LD_RUNPATH_SEARCH_PATHS = (
					"$(inherited)",
					"@executable_path/Frameworks",
				);
				OTHER_LDFLAGS = "";
				PRODUCT_BUNDLE_IDENTIFIER = coderZsq.SQPasteProxy;
				PRODUCT_NAME = "$(TARGET_NAME)";
				TARGETED_DEVICE_FAMILY = "1,2";
			};
			name = Release;
		};
/* End XCBuildConfiguration section */

/* Begin XCConfigurationList section */
		14E6063E22CA683C009E7BA5 /* Build configuration list for PBXProject "SQPasteProxy" */ = {
			isa = XCConfigurationList;
			buildConfigurations = (
				14E6065722CA683D009E7BA5 /* Debug */,
				14E6065822CA683D009E7BA5 /* Release */,
			);
			defaultConfigurationIsVisible = 0;
			defaultConfigurationName = Release;
		};
		14E6065922CA683D009E7BA5 /* Build configuration list for PBXNativeTarget "SQPasteProxy" */ = {
			isa = XCConfigurationList;
			buildConfigurations = (
				14E6065A22CA683D009E7BA5 /* Debug */,
				14E6065B22CA683D009E7BA5 /* Release */,
			);
			defaultConfigurationIsVisible = 0;
			defaultConfigurationName = Release;
		};
/* End XCConfigurationList section */
	};
	rootObject = 14E6063B22CA683C009E7BA5 /* Project object */;
}
