// !$*UTF8*$!
{
	archiveVersion = 1;
	classes = {
	};
	objectVersion = 50;
	objects = {

/* Begin PBXBuildFile section */
		141C7D63235075030013B0EE /* AppDelegate.m in Sources */ = {isa = PBXBuildFile; fileRef = 141C7D62235075030013B0EE /* AppDelegate.m */; };
		141C7D66235075030013B0EE /* SceneDelegate.m in Sources */ = {isa = PBXBuildFile; fileRef = 141C7D65235075030013B0EE /* SceneDelegate.m */; };
		141C7D69235075030013B0EE /* ViewController.m in Sources */ = {isa = PBXBuildFile; fileRef = 141C7D68235075030013B0EE /* ViewController.m */; };
		141C7D6C235075030013B0EE /* Main.storyboard in Resources */ = {isa = PBXBuildFile; fileRef = 141C7D6A235075030013B0EE /* Main.storyboard */; };
		141C7D6F235075030013B0EE /* SQIntervalTimer.xcdatamodeld in Sources */ = {isa = PBXBuildFile; fileRef = 141C7D6D235075030013B0EE /* SQIntervalTimer.xcdatamodeld */; };
		141C7D71235075040013B0EE /* Assets.xcassets in Resources */ = {isa = PBXBuildFile; fileRef = 141C7D70235075040013B0EE /* Assets.xcassets */; };
		141C7D74235075040013B0EE /* LaunchScreen.storyboard in Resources */ = {isa = PBXBuildFile; fileRef = 141C7D72235075040013B0EE /* LaunchScreen.storyboard */; };
		141C7D77235075040013B0EE /* main.m in Sources */ = {isa = PBXBuildFile; fileRef = 141C7D76235075040013B0EE /* main.m */; };
/* End PBXBuildFile section */

/* Begin PBXFileReference section */
		141C7D5E235075030013B0EE /* SQIntervalTimer.app */ = {isa = PBXFileReference; explicitFileType = wrapper.application; includeInIndex = 0; path = SQIntervalTimer.app; sourceTree = BUILT_PRODUCTS_DIR; };
		141C7D61235075030013B0EE /* AppDelegate.h */ = {isa = PBXFileReference; lastKnownFileType = sourcecode.c.h; path = AppDelegate.h; sourceTree = "<group>"; };
		141C7D62235075030013B0EE /* AppDelegate.m */ = {isa = PBXFileReference; lastKnownFileType = sourcecode.c.objc; path = AppDelegate.m; sourceTree = "<group>"; };
		141C7D64235075030013B0EE /* SceneDelegate.h */ = {isa = PBXFileReference; lastKnownFileType = sourcecode.c.h; path = SceneDelegate.h; sourceTree = "<group>"; };
		141C7D65235075030013B0EE /* SceneDelegate.m */ = {isa = PBXFileReference; lastKnownFileType = sourcecode.c.objc; path = SceneDelegate.m; sourceTree = "<group>"; };
		141C7D67235075030013B0EE /* ViewController.h */ = {isa = PBXFileReference; lastKnownFileType = sourcecode.c.h; path = ViewController.h; sourceTree = "<group>"; };
		141C7D68235075030013B0EE /* ViewController.m */ = {isa = PBXFileReference; lastKnownFileType = sourcecode.c.objc; path = ViewController.m; sourceTree = "<group>"; };
		141C7D6B235075030013B0EE /* Base */ = {isa = PBXFileReference; lastKnownFileType = file.storyboard; name = Base; path = Base.lproj/Main.storyboard; sourceTree = "<group>"; };
		141C7D6E235075030013B0EE /* SQIntervalTimer.xcdatamodel */ = {isa = PBXFileReference; lastKnownFileType = wrapper.xcdatamodel; path = SQIntervalTimer.xcdatamodel; sourceTree = "<group>"; };
		141C7D70235075040013B0EE /* Assets.xcassets */ = {isa = PBXFileReference; lastKnownFileType = folder.assetcatalog; path = Assets.xcassets; sourceTree = "<group>"; };
		141C7D73235075040013B0EE /* Base */ = {isa = PBXFileReference; lastKnownFileType = file.storyboard; name = Base; path = Base.lproj/LaunchScreen.storyboard; sourceTree = "<group>"; };
		141C7D75235075040013B0EE /* Info.plist */ = {isa = PBXFileReference; lastKnownFileType = text.plist.xml; path = Info.plist; sourceTree = "<group>"; };
		141C7D76235075040013B0EE /* main.m */ = {isa = PBXFileReference; lastKnownFileType = sourcecode.c.objc; path = main.m; sourceTree = "<group>"; };
/* End PBXFileReference section */

/* Begin PBXFrameworksBuildPhase section */
		141C7D5B235075030013B0EE /* Frameworks */ = {
			isa = PBXFrameworksBuildPhase;
			buildActionMask = 2147483647;
			files = (
			);
			runOnlyForDeploymentPostprocessing = 0;
		};
/* End PBXFrameworksBuildPhase section */

/* Begin PBXGroup section */
		141C7D55235075030013B0EE = {
			isa = PBXGroup;
			children = (
				141C7D60235075030013B0EE /* SQIntervalTimer */,
				141C7D5F235075030013B0EE /* Products */,
			);
			sourceTree = "<group>";
		};
		141C7D5F235075030013B0EE /* Products */ = {
			isa = PBXGroup;
			children = (
				141C7D5E235075030013B0EE /* SQIntervalTimer.app */,
			);
			name = Products;
			sourceTree = "<group>";
		};
		141C7D60235075030013B0EE /* SQIntervalTimer */ = {
			isa = PBXGroup;
			children = (
				141C7D61235075030013B0EE /* AppDelegate.h */,
				141C7D62235075030013B0EE /* AppDelegate.m */,
				141C7D64235075030013B0EE /* SceneDelegate.h */,
				141C7D65235075030013B0EE /* SceneDelegate.m */,
				141C7D67235075030013B0EE /* ViewController.h */,
				141C7D68235075030013B0EE /* ViewController.m */,
				141C7D6A235075030013B0EE /* Main.storyboard */,
				141C7D70235075040013B0EE /* Assets.xcassets */,
				141C7D72235075040013B0EE /* LaunchScreen.storyboard */,
				141C7D75235075040013B0EE /* Info.plist */,
				141C7D76235075040013B0EE /* main.m */,
				141C7D6D235075030013B0EE /* SQIntervalTimer.xcdatamodeld */,
			);
			path = SQIntervalTimer;
			sourceTree = "<group>";
		};
/* End PBXGroup section */

/* Begin PBXNativeTarget section */
		141C7D5D235075030013B0EE /* SQIntervalTimer */ = {
			isa = PBXNativeTarget;
			buildConfigurationList = 141C7D7A235075040013B0EE /* Build configuration list for PBXNativeTarget "SQIntervalTimer" */;
			buildPhases = (
				141C7D5A235075030013B0EE /* Sources */,
				141C7D5B235075030013B0EE /* Frameworks */,
				141C7D5C235075030013B0EE /* Resources */,
			);
			buildRules = (
			);
			dependencies = (
			);
			name = SQIntervalTimer;
			productName = SQIntervalTimer;
			productReference = 141C7D5E235075030013B0EE /* SQIntervalTimer.app */;
			productType = "com.apple.product-type.application";
		};
/* End PBXNativeTarget section */

/* Begin PBXProject section */
		141C7D56235075030013B0EE /* Project object */ = {
			isa = PBXProject;
			attributes = {
				LastUpgradeCheck = 1100;
				ORGANIZATIONNAME = "朱双泉";
				TargetAttributes = {
					141C7D5D235075030013B0EE = {
						CreatedOnToolsVersion = 11.0;
					};
				};
			};
			buildConfigurationList = 141C7D59235075030013B0EE /* Build configuration list for PBXProject "SQIntervalTimer" */;
			compatibilityVersion = "Xcode 9.3";
			developmentRegion = en;
			hasScannedForEncodings = 0;
			knownRegions = (
				en,
				Base,
			);
			mainGroup = 141C7D55235075030013B0EE;
			productRefGroup = 141C7D5F235075030013B0EE /* Products */;
			projectDirPath = "";
			projectRoot = "";
			targets = (
				141C7D5D235075030013B0EE /* SQIntervalTimer */,
			);
		};
/* End PBXProject section */

/* Begin PBXResourcesBuildPhase section */
		141C7D5C235075030013B0EE /* Resources */ = {
			isa = PBXResourcesBuildPhase;
			buildActionMask = 2147483647;
			files = (
				141C7D74235075040013B0EE /* LaunchScreen.storyboard in Resources */,
				141C7D71235075040013B0EE /* Assets.xcassets in Resources */,
				141C7D6C235075030013B0EE /* Main.storyboard in Resources */,
			);
			runOnlyForDeploymentPostprocessing = 0;
		};
/* End PBXResourcesBuildPhase section */

/* Begin PBXSourcesBuildPhase section */
		141C7D5A235075030013B0EE /* Sources */ = {
			isa = PBXSourcesBuildPhase;
			buildActionMask = 2147483647;
			files = (
				141C7D77235075040013B0EE /* main.m in Sources */,
				141C7D69235075030013B0EE /* ViewController.m in Sources */,
				141C7D63235075030013B0EE /* AppDelegate.m in Sources */,
				141C7D6F235075030013B0EE /* SQIntervalTimer.xcdatamodeld in Sources */,
				141C7D66235075030013B0EE /* SceneDelegate.m in Sources */,
			);
			runOnlyForDeploymentPostprocessing = 0;
		};
/* End PBXSourcesBuildPhase section */

/* Begin PBXVariantGroup section */
		141C7D6A235075030013B0EE /* Main.storyboard */ = {
			isa = PBXVariantGroup;
			children = (
				141C7D6B235075030013B0EE /* Base */,
			);
			name = Main.storyboard;
			sourceTree = "<group>";
		};
		141C7D72235075040013B0EE /* LaunchScreen.storyboard */ = {
			isa = PBXVariantGroup;
			children = (
				141C7D73235075040013B0EE /* Base */,
			);
			name = LaunchScreen.storyboard;
			sourceTree = "<group>";
		};
/* End PBXVariantGroup section */

/* Begin XCBuildConfiguration section */
		141C7D78235075040013B0EE /* Debug */ = {
			isa = XCBuildConfiguration;
			buildSettings = {
				ALWAYS_SEARCH_USER_PATHS = NO;
				CLANG_ANALYZER_NONNULL = YES;
				CLANG_ANALYZER_NUMBER_OBJECT_CONVERSION = YES_AGGRESSIVE;
				CLANG_CXX_LANGUAGE_STANDARD = "gnu++14";
				CLANG_CXX_LIBRARY = "libc++";
				CLANG_ENABLE_MODULES = YES;
				CLANG_ENABLE_OBJC_ARC = YES;
				CLANG_ENABLE_OBJC_WEAK = YES;
				CLANG_WARN_BLOCK_CAPTURE_AUTORELEASING = YES;
				CLANG_WARN_BOOL_CONVERSION = YES;
				CLANG_WARN_COMMA = YES;
				CLANG_WARN_CONSTANT_CONVERSION = YES;
				CLANG_WARN_DEPRECATED_OBJC_IMPLEMENTATIONS = YES;
				CLANG_WARN_DIRECT_OBJC_ISA_USAGE = YES_ERROR;
				CLANG_WARN_DOCUMENTATION_COMMENTS = YES;
				CLANG_WARN_EMPTY_BODY = YES;
				CLANG_WARN_ENUM_CONVERSION = YES;
				CLANG_WARN_INFINITE_RECURSION = YES;
				CLANG_WARN_INT_CONVERSION = YES;
				CLANG_WARN_NON_LITERAL_NULL_CONVERSION = YES;
				CLANG_WARN_OBJC_IMPLICIT_RETAIN_SELF = YES;
				CLANG_WARN_OBJC_LITERAL_CONVERSION = YES;
				CLANG_WARN_OBJC_ROOT_CLASS = YES_ERROR;
				CLANG_WARN_RANGE_LOOP_ANALYSIS = YES;
				CLANG_WARN_STRICT_PROTOTYPES = YES;
				CLANG_WARN_SUSPICIOUS_MOVE = YES;
				CLANG_WARN_UNGUARDED_AVAILABILITY = YES_AGGRESSIVE;
				CLANG_WARN_UNREACHABLE_CODE = YES;
				CLANG_WARN__DUPLICATE_METHOD_MATCH = YES;
				COPY_PHASE_STRIP = NO;
				DEBUG_INFORMATION_FORMAT = dwarf;
				ENABLE_STRICT_OBJC_MSGSEND = YES;
				ENABLE_TESTABILITY = YES;
				GCC_C_LANGUAGE_STANDARD = gnu11;
				GCC_DYNAMIC_NO_PIC = NO;
				GCC_NO_COMMON_BLOCKS = YES;
				GCC_OPTIMIZATION_LEVEL = 0;
				GCC_PREPROCESSOR_DEFINITIONS = (
					"DEBUG=1",
					"$(inherited)",
				);
				GCC_WARN_64_TO_32_BIT_CONVERSION = YES;
				GCC_WARN_ABOUT_RETURN_TYPE = YES_ERROR;
				GCC_WARN_UNDECLARED_SELECTOR = YES;
				GCC_WARN_UNINITIALIZED_AUTOS = YES_AGGRESSIVE;
				GCC_WARN_UNUSED_FUNCTION = YES;
				GCC_WARN_UNUSED_VARIABLE = YES;
				IPHONEOS_DEPLOYMENT_TARGET = 13.0;
				MTL_ENABLE_DEBUG_INFO = INCLUDE_SOURCE;
				MTL_FAST_MATH = YES;
				ONLY_ACTIVE_ARCH = YES;
				SDKROOT = iphoneos;
			};
			name = Debug;
		};
		141C7D79235075040013B0EE /* Release */ = {
			isa = XCBuildConfiguration;
			buildSettings = {
				ALWAYS_SEARCH_USER_PATHS = NO;
				CLANG_ANALYZER_NONNULL = YES;
				CLANG_ANALYZER_NUMBER_OBJECT_CONVERSION = YES_AGGRESSIVE;
				CLANG_CXX_LANGUAGE_STANDARD = "gnu++14";
				CLANG_CXX_LIBRARY = "libc++";
				CLANG_ENABLE_MODULES = YES;
				CLANG_ENABLE_OBJC_ARC = YES;
				CLANG_ENABLE_OBJC_WEAK = YES;
				CLANG_WARN_BLOCK_CAPTURE_AUTORELEASING = YES;
				CLANG_WARN_BOOL_CONVERSION = YES;
				CLANG_WARN_COMMA = YES;
				CLANG_WARN_CONSTANT_CONVERSION = YES;
				CLANG_WARN_DEPRECATED_OBJC_IMPLEMENTATIONS = YES;
				CLANG_WARN_DIRECT_OBJC_ISA_USAGE = YES_ERROR;
				CLANG_WARN_DOCUMENTATION_COMMENTS = YES;
				CLANG_WARN_EMPTY_BODY = YES;
				CLANG_WARN_ENUM_CONVERSION = YES;
				CLANG_WARN_INFINITE_RECURSION = YES;
				CLANG_WARN_INT_CONVERSION = YES;
				CLANG_WARN_NON_LITERAL_NULL_CONVERSION = YES;
				CLANG_WARN_OBJC_IMPLICIT_RETAIN_SELF = YES;
				CLANG_WARN_OBJC_LITERAL_CONVERSION = YES;
				CLANG_WARN_OBJC_ROOT_CLASS = YES_ERROR;
				CLANG_WARN_RANGE_LOOP_ANALYSIS = YES;
				CLANG_WARN_STRICT_PROTOTYPES = YES;
				CLANG_WARN_SUSPICIOUS_MOVE = YES;
				CLANG_WARN_UNGUARDED_AVAILABILITY = YES_AGGRESSIVE;
				CLANG_WARN_UNREACHABLE_CODE = YES;
				CLANG_WARN__DUPLICATE_METHOD_MATCH = YES;
				COPY_PHASE_STRIP = NO;
				DEBUG_INFORMATION_FORMAT = "dwarf-with-dsym";
				ENABLE_NS_ASSERTIONS = NO;
				ENABLE_STRICT_OBJC_MSGSEND = YES;
				GCC_C_LANGUAGE_STANDARD = gnu11;
				GCC_NO_COMMON_BLOCKS = YES;
				GCC_WARN_64_TO_32_BIT_CONVERSION = YES;
				GCC_WARN_ABOUT_RETURN_TYPE = YES_ERROR;
				GCC_WARN_UNDECLARED_SELECTOR = YES;
				GCC_WARN_UNINITIALIZED_AUTOS = YES_AGGRESSIVE;
				GCC_WARN_UNUSED_FUNCTION = YES;
				GCC_WARN_UNUSED_VARIABLE = YES;
				IPHONEOS_DEPLOYMENT_TARGET = 13.0;
				MTL_ENABLE_DEBUG_INFO = NO;
				MTL_FAST_MATH = YES;
				SDKROOT = iphoneos;
				VALIDATE_PRODUCT = YES;
			};
			name = Release;
		};
		141C7D7B235075040013B0EE /* Debug */ = {
			isa = XCBuildConfiguration;
			buildSettings = {
				ASSETCATALOG_COMPILER_APPICON_NAME = AppIcon;
				CODE_SIGN_STYLE = Automatic;
				DEVELOPMENT_TEAM = NGPFU6GT2A;
				INFOPLIST_FILE = SQIntervalTimer/Info.plist;
				LD_RUNPATH_SEARCH_PATHS = (
					"$(inherited)",
					"@executable_path/Frameworks",
				);
				PRODUCT_BUNDLE_IDENTIFIER = coderZsq.SQIntervalTimer;
				PRODUCT_NAME = "$(TARGET_NAME)";
				TARGETED_DEVICE_FAMILY = 1;
			};
			name = Debug;
		};
		141C7D7C235075040013B0EE /* Release */ = {
			isa = XCBuildConfiguration;
			buildSettings = {
				ASSETCATALOG_COMPILER_APPICON_NAME = AppIcon;
				CODE_SIGN_STYLE = Automatic;
				DEVELOPMENT_TEAM = NGPFU6GT2A;
				INFOPLIST_FILE = SQIntervalTimer/Info.plist;
				LD_RUNPATH_SEARCH_PATHS = (
					"$(inherited)",
					"@executable_path/Frameworks",
				);
				PRODUCT_BUNDLE_IDENTIFIER = coderZsq.SQIntervalTimer;
				PRODUCT_NAME = "$(TARGET_NAME)";
				TARGETED_DEVICE_FAMILY = 1;
			};
			name = Release;
		};
/* End XCBuildConfiguration section */

/* Begin XCConfigurationList section */
		141C7D59235075030013B0EE /* Build configuration list for PBXProject "SQIntervalTimer" */ = {
			isa = XCConfigurationList;
			buildConfigurations = (
				141C7D78235075040013B0EE /* Debug */,
				141C7D79235075040013B0EE /* Release */,
			);
			defaultConfigurationIsVisible = 0;
			defaultConfigurationName = Release;
		};
		141C7D7A235075040013B0EE /* Build configuration list for PBXNativeTarget "SQIntervalTimer" */ = {
			isa = XCConfigurationList;
			buildConfigurations = (
				141C7D7B235075040013B0EE /* Debug */,
				141C7D7C235075040013B0EE /* Release */,
			);
			defaultConfigurationIsVisible = 0;
			defaultConfigurationName = Release;
		};
/* End XCConfigurationList section */

/* Begin XCVersionGroup section */
		141C7D6D235075030013B0EE /* SQIntervalTimer.xcdatamodeld */ = {
			isa = XCVersionGroup;
			children = (
				141C7D6E235075030013B0EE /* SQIntervalTimer.xcdatamodel */,
			);
			currentVersion = 141C7D6E235075030013B0EE /* SQIntervalTimer.xcdatamodel */;
			path = SQIntervalTimer.xcdatamodeld;
			sourceTree = "<group>";
			versionGroupType = wrapper.xcdatamodel;
		};
/* End XCVersionGroup section */
	};
	rootObject = 141C7D56235075030013B0EE /* Project object */;
}
