// !$*UTF8*$!
{
	archiveVersion = 1;
	classes = {
	};
	objectVersion = 50;
	objects = {

/* Begin PBXBuildFile section */
		14AE5FC3234F04310091FF67 /* AppDelegate.m in Sources */ = {isa = PBXBuildFile; fileRef = 14AE5FC2234F04310091FF67 /* AppDelegate.m */; };
		14AE5FC6234F04310091FF67 /* SceneDelegate.m in Sources */ = {isa = PBXBuildFile; fileRef = 14AE5FC5234F04310091FF67 /* SceneDelegate.m */; };
		14AE5FC9234F04310091FF67 /* ViewController.m in Sources */ = {isa = PBXBuildFile; fileRef = 14AE5FC8234F04310091FF67 /* ViewController.m */; };
		14AE5FCC234F04310091FF67 /* Main.storyboard in Resources */ = {isa = PBXBuildFile; fileRef = 14AE5FCA234F04310091FF67 /* Main.storyboard */; };
		14AE5FCF234F04310091FF67 /* SQCleanBulk.xcdatamodeld in Sources */ = {isa = PBXBuildFile; fileRef = 14AE5FCD234F04310091FF67 /* SQCleanBulk.xcdatamodeld */; };
		14AE5FD1234F04320091FF67 /* Assets.xcassets in Resources */ = {isa = PBXBuildFile; fileRef = 14AE5FD0234F04320091FF67 /* Assets.xcassets */; };
		14AE5FD4234F04320091FF67 /* LaunchScreen.storyboard in Resources */ = {isa = PBXBuildFile; fileRef = 14AE5FD2234F04320091FF67 /* LaunchScreen.storyboard */; };
		14AE5FD7234F04320091FF67 /* main.m in Sources */ = {isa = PBXBuildFile; fileRef = 14AE5FD6234F04320091FF67 /* main.m */; };
		14AE5FE1234F26C30091FF67 /* SQNumberPadHandleView.xib in Resources */ = {isa = PBXBuildFile; fileRef = 14AE5FE0234F26C30091FF67 /* SQNumberPadHandleView.xib */; };
		14AE5FE4234F274D0091FF67 /* SQNumberPadHandleView.m in Sources */ = {isa = PBXBuildFile; fileRef = 14AE5FE3234F274D0091FF67 /* SQNumberPadHandleView.m */; };
/* End PBXBuildFile section */

/* Begin PBXFileReference section */
		14AE5FBE234F04310091FF67 /* SQCleanBulk.app */ = {isa = PBXFileReference; explicitFileType = wrapper.application; includeInIndex = 0; path = SQCleanBulk.app; sourceTree = BUILT_PRODUCTS_DIR; };
		14AE5FC1234F04310091FF67 /* AppDelegate.h */ = {isa = PBXFileReference; lastKnownFileType = sourcecode.c.h; path = AppDelegate.h; sourceTree = "<group>"; };
		14AE5FC2234F04310091FF67 /* AppDelegate.m */ = {isa = PBXFileReference; lastKnownFileType = sourcecode.c.objc; path = AppDelegate.m; sourceTree = "<group>"; };
		14AE5FC4234F04310091FF67 /* SceneDelegate.h */ = {isa = PBXFileReference; lastKnownFileType = sourcecode.c.h; path = SceneDelegate.h; sourceTree = "<group>"; };
		14AE5FC5234F04310091FF67 /* SceneDelegate.m */ = {isa = PBXFileReference; lastKnownFileType = sourcecode.c.objc; path = SceneDelegate.m; sourceTree = "<group>"; };
		14AE5FC7234F04310091FF67 /* ViewController.h */ = {isa = PBXFileReference; lastKnownFileType = sourcecode.c.h; path = ViewController.h; sourceTree = "<group>"; };
		14AE5FC8234F04310091FF67 /* ViewController.m */ = {isa = PBXFileReference; lastKnownFileType = sourcecode.c.objc; path = ViewController.m; sourceTree = "<group>"; };
		14AE5FCB234F04310091FF67 /* Base */ = {isa = PBXFileReference; lastKnownFileType = file.storyboard; name = Base; path = Base.lproj/Main.storyboard; sourceTree = "<group>"; };
		14AE5FCE234F04310091FF67 /* SQCleanBulk.xcdatamodel */ = {isa = PBXFileReference; lastKnownFileType = wrapper.xcdatamodel; path = SQCleanBulk.xcdatamodel; sourceTree = "<group>"; };
		14AE5FD0234F04320091FF67 /* Assets.xcassets */ = {isa = PBXFileReference; lastKnownFileType = folder.assetcatalog; path = Assets.xcassets; sourceTree = "<group>"; };
		14AE5FD3234F04320091FF67 /* Base */ = {isa = PBXFileReference; lastKnownFileType = file.storyboard; name = Base; path = Base.lproj/LaunchScreen.storyboard; sourceTree = "<group>"; };
		14AE5FD5234F04320091FF67 /* Info.plist */ = {isa = PBXFileReference; lastKnownFileType = text.plist.xml; path = Info.plist; sourceTree = "<group>"; };
		14AE5FD6234F04320091FF67 /* main.m */ = {isa = PBXFileReference; lastKnownFileType = sourcecode.c.objc; path = main.m; sourceTree = "<group>"; };
		14AE5FE0234F26C30091FF67 /* SQNumberPadHandleView.xib */ = {isa = PBXFileReference; lastKnownFileType = file.xib; path = SQNumberPadHandleView.xib; sourceTree = "<group>"; };
		14AE5FE2234F274D0091FF67 /* SQNumberPadHandleView.h */ = {isa = PBXFileReference; lastKnownFileType = sourcecode.c.h; path = SQNumberPadHandleView.h; sourceTree = "<group>"; };
		14AE5FE3234F274D0091FF67 /* SQNumberPadHandleView.m */ = {isa = PBXFileReference; lastKnownFileType = sourcecode.c.objc; path = SQNumberPadHandleView.m; sourceTree = "<group>"; };
/* End PBXFileReference section */

/* Begin PBXFrameworksBuildPhase section */
		14AE5FBB234F04310091FF67 /* Frameworks */ = {
			isa = PBXFrameworksBuildPhase;
			buildActionMask = 2147483647;
			files = (
			);
			runOnlyForDeploymentPostprocessing = 0;
		};
/* End PBXFrameworksBuildPhase section */

/* Begin PBXGroup section */
		14AE5FB5234F04310091FF67 = {
			isa = PBXGroup;
			children = (
				14AE5FC0234F04310091FF67 /* SQCleanBulk */,
				14AE5FBF234F04310091FF67 /* Products */,
			);
			sourceTree = "<group>";
		};
		14AE5FBF234F04310091FF67 /* Products */ = {
			isa = PBXGroup;
			children = (
				14AE5FBE234F04310091FF67 /* SQCleanBulk.app */,
			);
			name = Products;
			sourceTree = "<group>";
		};
		14AE5FC0234F04310091FF67 /* SQCleanBulk */ = {
			isa = PBXGroup;
			children = (
				14AE5FC1234F04310091FF67 /* AppDelegate.h */,
				14AE5FC2234F04310091FF67 /* AppDelegate.m */,
				14AE5FC4234F04310091FF67 /* SceneDelegate.h */,
				14AE5FC5234F04310091FF67 /* SceneDelegate.m */,
				14AE5FC7234F04310091FF67 /* ViewController.h */,
				14AE5FC8234F04310091FF67 /* ViewController.m */,
				14AE5FCA234F04310091FF67 /* Main.storyboard */,
				14AE5FE2234F274D0091FF67 /* SQNumberPadHandleView.h */,
				14AE5FE3234F274D0091FF67 /* SQNumberPadHandleView.m */,
				14AE5FE0234F26C30091FF67 /* SQNumberPadHandleView.xib */,
				14AE5FD0234F04320091FF67 /* Assets.xcassets */,
				14AE5FD2234F04320091FF67 /* LaunchScreen.storyboard */,
				14AE5FD5234F04320091FF67 /* Info.plist */,
				14AE5FD6234F04320091FF67 /* main.m */,
				14AE5FCD234F04310091FF67 /* SQCleanBulk.xcdatamodeld */,
			);
			path = SQCleanBulk;
			sourceTree = "<group>";
		};
/* End PBXGroup section */

/* Begin PBXNativeTarget section */
		14AE5FBD234F04310091FF67 /* SQCleanBulk */ = {
			isa = PBXNativeTarget;
			buildConfigurationList = 14AE5FDA234F04320091FF67 /* Build configuration list for PBXNativeTarget "SQCleanBulk" */;
			buildPhases = (
				14AE5FBA234F04310091FF67 /* Sources */,
				14AE5FBB234F04310091FF67 /* Frameworks */,
				14AE5FBC234F04310091FF67 /* Resources */,
			);
			buildRules = (
			);
			dependencies = (
			);
			name = SQCleanBulk;
			productName = SQCleanBulk;
			productReference = 14AE5FBE234F04310091FF67 /* SQCleanBulk.app */;
			productType = "com.apple.product-type.application";
		};
/* End PBXNativeTarget section */

/* Begin PBXProject section */
		14AE5FB6234F04310091FF67 /* Project object */ = {
			isa = PBXProject;
			attributes = {
				LastUpgradeCheck = 1100;
				ORGANIZATIONNAME = "朱双泉";
				TargetAttributes = {
					14AE5FBD234F04310091FF67 = {
						CreatedOnToolsVersion = 11.0;
					};
				};
			};
			buildConfigurationList = 14AE5FB9234F04310091FF67 /* Build configuration list for PBXProject "SQCleanBulk" */;
			compatibilityVersion = "Xcode 9.3";
			developmentRegion = en;
			hasScannedForEncodings = 0;
			knownRegions = (
				en,
				Base,
			);
			mainGroup = 14AE5FB5234F04310091FF67;
			productRefGroup = 14AE5FBF234F04310091FF67 /* Products */;
			projectDirPath = "";
			projectRoot = "";
			targets = (
				14AE5FBD234F04310091FF67 /* SQCleanBulk */,
			);
		};
/* End PBXProject section */

/* Begin PBXResourcesBuildPhase section */
		14AE5FBC234F04310091FF67 /* Resources */ = {
			isa = PBXResourcesBuildPhase;
			buildActionMask = 2147483647;
			files = (
				14AE5FD4234F04320091FF67 /* LaunchScreen.storyboard in Resources */,
				14AE5FD1234F04320091FF67 /* Assets.xcassets in Resources */,
				14AE5FCC234F04310091FF67 /* Main.storyboard in Resources */,
				14AE5FE1234F26C30091FF67 /* SQNumberPadHandleView.xib in Resources */,
			);
			runOnlyForDeploymentPostprocessing = 0;
		};
/* End PBXResourcesBuildPhase section */

/* Begin PBXSourcesBuildPhase section */
		14AE5FBA234F04310091FF67 /* Sources */ = {
			isa = PBXSourcesBuildPhase;
			buildActionMask = 2147483647;
			files = (
				14AE5FD7234F04320091FF67 /* main.m in Sources */,
				14AE5FC9234F04310091FF67 /* ViewController.m in Sources */,
				14AE5FCF234F04310091FF67 /* SQCleanBulk.xcdatamodeld in Sources */,
				14AE5FE4234F274D0091FF67 /* SQNumberPadHandleView.m in Sources */,
				14AE5FC3234F04310091FF67 /* AppDelegate.m in Sources */,
				14AE5FC6234F04310091FF67 /* SceneDelegate.m in Sources */,
			);
			runOnlyForDeploymentPostprocessing = 0;
		};
/* End PBXSourcesBuildPhase section */

/* Begin PBXVariantGroup section */
		14AE5FCA234F04310091FF67 /* Main.storyboard */ = {
			isa = PBXVariantGroup;
			children = (
				14AE5FCB234F04310091FF67 /* Base */,
			);
			name = Main.storyboard;
			sourceTree = "<group>";
		};
		14AE5FD2234F04320091FF67 /* LaunchScreen.storyboard */ = {
			isa = PBXVariantGroup;
			children = (
				14AE5FD3234F04320091FF67 /* Base */,
			);
			name = LaunchScreen.storyboard;
			sourceTree = "<group>";
		};
/* End PBXVariantGroup section */

/* Begin XCBuildConfiguration section */
		14AE5FD8234F04320091FF67 /* Debug */ = {
			isa = XCBuildConfiguration;
			buildSettings = {
				ALWAYS_SEARCH_USER_PATHS = NO;
				CLANG_ANALYZER_NONNULL = YES;
				CLANG_ANALYZER_NUMBER_OBJECT_CONVERSION = YES_AGGRESSIVE;
				CLANG_CXX_LANGUAGE_STANDARD = "gnu++14";
				CLANG_CXX_LIBRARY = "libc++";
				CLANG_ENABLE_MODULES = YES;
				CLANG_ENABLE_OBJC_ARC = YES;
				CLANG_ENABLE_OBJC_WEAK = YES;
				CLANG_WARN_BLOCK_CAPTURE_AUTORELEASING = YES;
				CLANG_WARN_BOOL_CONVERSION = YES;
				CLANG_WARN_COMMA = YES;
				CLANG_WARN_CONSTANT_CONVERSION = YES;
				CLANG_WARN_DEPRECATED_OBJC_IMPLEMENTATIONS = YES;
				CLANG_WARN_DIRECT_OBJC_ISA_USAGE = YES_ERROR;
				CLANG_WARN_DOCUMENTATION_COMMENTS = YES;
				CLANG_WARN_EMPTY_BODY = YES;
				CLANG_WARN_ENUM_CONVERSION = YES;
				CLANG_WARN_INFINITE_RECURSION = YES;
				CLANG_WARN_INT_CONVERSION = YES;
				CLANG_WARN_NON_LITERAL_NULL_CONVERSION = YES;
				CLANG_WARN_OBJC_IMPLICIT_RETAIN_SELF = YES;
				CLANG_WARN_OBJC_LITERAL_CONVERSION = YES;
				CLANG_WARN_OBJC_ROOT_CLASS = YES_ERROR;
				CLANG_WARN_RANGE_LOOP_ANALYSIS = YES;
				CLANG_WARN_STRICT_PROTOTYPES = YES;
				CLANG_WARN_SUSPICIOUS_MOVE = YES;
				CLANG_WARN_UNGUARDED_AVAILABILITY = YES_AGGRESSIVE;
				CLANG_WARN_UNREACHABLE_CODE = YES;
				CLANG_WARN__DUPLICATE_METHOD_MATCH = YES;
				COPY_PHASE_STRIP = NO;
				DEBUG_INFORMATION_FORMAT = dwarf;
				ENABLE_STRICT_OBJC_MSGSEND = YES;
				ENABLE_TESTABILITY = YES;
				GCC_C_LANGUAGE_STANDARD = gnu11;
				GCC_DYNAMIC_NO_PIC = NO;
				GCC_NO_COMMON_BLOCKS = YES;
				GCC_OPTIMIZATION_LEVEL = 0;
				GCC_PREPROCESSOR_DEFINITIONS = (
					"DEBUG=1",
					"$(inherited)",
				);
				GCC_WARN_64_TO_32_BIT_CONVERSION = YES;
				GCC_WARN_ABOUT_RETURN_TYPE = YES_ERROR;
				GCC_WARN_UNDECLARED_SELECTOR = YES;
				GCC_WARN_UNINITIALIZED_AUTOS = YES_AGGRESSIVE;
				GCC_WARN_UNUSED_FUNCTION = YES;
				GCC_WARN_UNUSED_VARIABLE = YES;
				IPHONEOS_DEPLOYMENT_TARGET = 13.0;
				MTL_ENABLE_DEBUG_INFO = INCLUDE_SOURCE;
				MTL_FAST_MATH = YES;
				ONLY_ACTIVE_ARCH = YES;
				SDKROOT = iphoneos;
			};
			name = Debug;
		};
		14AE5FD9234F04320091FF67 /* Release */ = {
			isa = XCBuildConfiguration;
			buildSettings = {
				ALWAYS_SEARCH_USER_PATHS = NO;
				CLANG_ANALYZER_NONNULL = YES;
				CLANG_ANALYZER_NUMBER_OBJECT_CONVERSION = YES_AGGRESSIVE;
				CLANG_CXX_LANGUAGE_STANDARD = "gnu++14";
				CLANG_CXX_LIBRARY = "libc++";
				CLANG_ENABLE_MODULES = YES;
				CLANG_ENABLE_OBJC_ARC = YES;
				CLANG_ENABLE_OBJC_WEAK = YES;
				CLANG_WARN_BLOCK_CAPTURE_AUTORELEASING = YES;
				CLANG_WARN_BOOL_CONVERSION = YES;
				CLANG_WARN_COMMA = YES;
				CLANG_WARN_CONSTANT_CONVERSION = YES;
				CLANG_WARN_DEPRECATED_OBJC_IMPLEMENTATIONS = YES;
				CLANG_WARN_DIRECT_OBJC_ISA_USAGE = YES_ERROR;
				CLANG_WARN_DOCUMENTATION_COMMENTS = YES;
				CLANG_WARN_EMPTY_BODY = YES;
				CLANG_WARN_ENUM_CONVERSION = YES;
				CLANG_WARN_INFINITE_RECURSION = YES;
				CLANG_WARN_INT_CONVERSION = YES;
				CLANG_WARN_NON_LITERAL_NULL_CONVERSION = YES;
				CLANG_WARN_OBJC_IMPLICIT_RETAIN_SELF = YES;
				CLANG_WARN_OBJC_LITERAL_CONVERSION = YES;
				CLANG_WARN_OBJC_ROOT_CLASS = YES_ERROR;
				CLANG_WARN_RANGE_LOOP_ANALYSIS = YES;
				CLANG_WARN_STRICT_PROTOTYPES = YES;
				CLANG_WARN_SUSPICIOUS_MOVE = YES;
				CLANG_WARN_UNGUARDED_AVAILABILITY = YES_AGGRESSIVE;
				CLANG_WARN_UNREACHABLE_CODE = YES;
				CLANG_WARN__DUPLICATE_METHOD_MATCH = YES;
				COPY_PHASE_STRIP = NO;
				DEBUG_INFORMATION_FORMAT = "dwarf-with-dsym";
				ENABLE_NS_ASSERTIONS = NO;
				ENABLE_STRICT_OBJC_MSGSEND = YES;
				GCC_C_LANGUAGE_STANDARD = gnu11;
				GCC_NO_COMMON_BLOCKS = YES;
				GCC_WARN_64_TO_32_BIT_CONVERSION = YES;
				GCC_WARN_ABOUT_RETURN_TYPE = YES_ERROR;
				GCC_WARN_UNDECLARED_SELECTOR = YES;
				GCC_WARN_UNINITIALIZED_AUTOS = YES_AGGRESSIVE;
				GCC_WARN_UNUSED_FUNCTION = YES;
				GCC_WARN_UNUSED_VARIABLE = YES;
				IPHONEOS_DEPLOYMENT_TARGET = 13.0;
				MTL_ENABLE_DEBUG_INFO = NO;
				MTL_FAST_MATH = YES;
				SDKROOT = iphoneos;
				VALIDATE_PRODUCT = YES;
			};
			name = Release;
		};
		14AE5FDB234F04320091FF67 /* Debug */ = {
			isa = XCBuildConfiguration;
			buildSettings = {
				ASSETCATALOG_COMPILER_APPICON_NAME = AppIcon;
				CODE_SIGN_STYLE = Automatic;
				DEVELOPMENT_TEAM = NGPFU6GT2A;
				INFOPLIST_FILE = SQCleanBulk/Info.plist;
				IPHONEOS_DEPLOYMENT_TARGET = 13.0;
				LD_RUNPATH_SEARCH_PATHS = (
					"$(inherited)",
					"@executable_path/Frameworks",
				);
				PRODUCT_BUNDLE_IDENTIFIER = coderZsq.SQCleanBulk;
				PRODUCT_NAME = "$(TARGET_NAME)";
				TARGETED_DEVICE_FAMILY = "1,2";
			};
			name = Debug;
		};
		14AE5FDC234F04320091FF67 /* Release */ = {
			isa = XCBuildConfiguration;
			buildSettings = {
				ASSETCATALOG_COMPILER_APPICON_NAME = AppIcon;
				CODE_SIGN_STYLE = Automatic;
				DEVELOPMENT_TEAM = NGPFU6GT2A;
				INFOPLIST_FILE = SQCleanBulk/Info.plist;
				IPHONEOS_DEPLOYMENT_TARGET = 13.0;
				LD_RUNPATH_SEARCH_PATHS = (
					"$(inherited)",
					"@executable_path/Frameworks",
				);
				PRODUCT_BUNDLE_IDENTIFIER = coderZsq.SQCleanBulk;
				PRODUCT_NAME = "$(TARGET_NAME)";
				TARGETED_DEVICE_FAMILY = "1,2";
			};
			name = Release;
		};
/* End XCBuildConfiguration section */

/* Begin XCConfigurationList section */
		14AE5FB9234F04310091FF67 /* Build configuration list for PBXProject "SQCleanBulk" */ = {
			isa = XCConfigurationList;
			buildConfigurations = (
				14AE5FD8234F04320091FF67 /* Debug */,
				14AE5FD9234F04320091FF67 /* Release */,
			);
			defaultConfigurationIsVisible = 0;
			defaultConfigurationName = Release;
		};
		14AE5FDA234F04320091FF67 /* Build configuration list for PBXNativeTarget "SQCleanBulk" */ = {
			isa = XCConfigurationList;
			buildConfigurations = (
				14AE5FDB234F04320091FF67 /* Debug */,
				14AE5FDC234F04320091FF67 /* Release */,
			);
			defaultConfigurationIsVisible = 0;
			defaultConfigurationName = Release;
		};
/* End XCConfigurationList section */

/* Begin XCVersionGroup section */
		14AE5FCD234F04310091FF67 /* SQCleanBulk.xcdatamodeld */ = {
			isa = XCVersionGroup;
			children = (
				14AE5FCE234F04310091FF67 /* SQCleanBulk.xcdatamodel */,
			);
			currentVersion = 14AE5FCE234F04310091FF67 /* SQCleanBulk.xcdatamodel */;
			path = SQCleanBulk.xcdatamodeld;
			sourceTree = "<group>";
			versionGroupType = wrapper.xcdatamodel;
		};
/* End XCVersionGroup section */
	};
	rootObject = 14AE5FB6234F04310091FF67 /* Project object */;
}
