// !$*UTF8*$!
{
	archiveVersion = 1;
	classes = {
	};
	objectVersion = 46;
	objects = {

/* Begin PBXBuildFile section */
		CF1894361E23758300AADD02 /* AppDelegate.swift in Sources */ = {isa = PBXBuildFile; fileRef = CF1894351E23758300AADD02 /* AppDelegate.swift */; };
		CF1894381E23758300AADD02 /* ViewController.swift in Sources */ = {isa = PBXBuildFile; fileRef = CF1894371E23758300AADD02 /* ViewController.swift */; };
		CF18943B1E23758300AADD02 /* Main.storyboard in Resources */ = {isa = PBXBuildFile; fileRef = CF1894391E23758300AADD02 /* Main.storyboard */; };
		CF18943D1E23758300AADD02 /* Assets.xcassets in Resources */ = {isa = PBXBuildFile; fileRef = CF18943C1E23758300AADD02 /* Assets.xcassets */; };
		CF1894401E23758300AADD02 /* LaunchScreen.storyboard in Resources */ = {isa = PBXBuildFile; fileRef = CF18943E1E23758300AADD02 /* LaunchScreen.storyboard */; };
		CF18944B1E23758300AADD02 /* PhotoGalleryTests.swift in Sources */ = {isa = PBXBuildFile; fileRef = CF18944A1E23758300AADD02 /* PhotoGalleryTests.swift */; };
		CF1894561E23758300AADD02 /* PhotoGalleryUITests.swift in Sources */ = {isa = PBXBuildFile; fileRef = CF1894551E23758300AADD02 /* PhotoGalleryUITests.swift */; };
		CF1894641E237ADD00AADD02 /* index.html in Resources */ = {isa = PBXBuildFile; fileRef = CF1894631E237ADD00AADD02 /* index.html */; };
		CFC084271E24C9980053F102 /* placeholder.png in Resources */ = {isa = PBXBuildFile; fileRef = CFC084261E24C9980053F102 /* placeholder.png */; };
/* End PBXBuildFile section */

/* Begin PBXContainerItemProxy section */
		CF1894471E23758300AADD02 /* PBXContainerItemProxy */ = {
			isa = PBXContainerItemProxy;
			containerPortal = CF18942A1E23758300AADD02 /* Project object */;
			proxyType = 1;
			remoteGlobalIDString = CF1894311E23758300AADD02;
			remoteInfo = PhotoGallery;
		};
		CF1894521E23758300AADD02 /* PBXContainerItemProxy */ = {
			isa = PBXContainerItemProxy;
			containerPortal = CF18942A1E23758300AADD02 /* Project object */;
			proxyType = 1;
			remoteGlobalIDString = CF1894311E23758300AADD02;
			remoteInfo = PhotoGallery;
		};
/* End PBXContainerItemProxy section */

/* Begin PBXFileReference section */
		CF1894321E23758300AADD02 /* PhotoGallery.app */ = {isa = PBXFileReference; explicitFileType = wrapper.application; includeInIndex = 0; path = PhotoGallery.app; sourceTree = BUILT_PRODUCTS_DIR; };
		CF1894351E23758300AADD02 /* AppDelegate.swift */ = {isa = PBXFileReference; lastKnownFileType = sourcecode.swift; path = AppDelegate.swift; sourceTree = "<group>"; };
		CF1894371E23758300AADD02 /* ViewController.swift */ = {isa = PBXFileReference; lastKnownFileType = sourcecode.swift; path = ViewController.swift; sourceTree = "<group>"; };
		CF18943A1E23758300AADD02 /* Base */ = {isa = PBXFileReference; lastKnownFileType = file.storyboard; name = Base; path = Base.lproj/Main.storyboard; sourceTree = "<group>"; };
		CF18943C1E23758300AADD02 /* Assets.xcassets */ = {isa = PBXFileReference; lastKnownFileType = folder.assetcatalog; path = Assets.xcassets; sourceTree = "<group>"; };
		CF18943F1E23758300AADD02 /* Base */ = {isa = PBXFileReference; lastKnownFileType = file.storyboard; name = Base; path = Base.lproj/LaunchScreen.storyboard; sourceTree = "<group>"; };
		CF1894411E23758300AADD02 /* Info.plist */ = {isa = PBXFileReference; lastKnownFileType = text.plist.xml; path = Info.plist; sourceTree = "<group>"; };
		CF1894461E23758300AADD02 /* PhotoGalleryTests.xctest */ = {isa = PBXFileReference; explicitFileType = wrapper.cfbundle; includeInIndex = 0; path = PhotoGalleryTests.xctest; sourceTree = BUILT_PRODUCTS_DIR; };
		CF18944A1E23758300AADD02 /* PhotoGalleryTests.swift */ = {isa = PBXFileReference; lastKnownFileType = sourcecode.swift; path = PhotoGalleryTests.swift; sourceTree = "<group>"; };
		CF18944C1E23758300AADD02 /* Info.plist */ = {isa = PBXFileReference; lastKnownFileType = text.plist.xml; path = Info.plist; sourceTree = "<group>"; };
		CF1894511E23758300AADD02 /* PhotoGalleryUITests.xctest */ = {isa = PBXFileReference; explicitFileType = wrapper.cfbundle; includeInIndex = 0; path = PhotoGalleryUITests.xctest; sourceTree = BUILT_PRODUCTS_DIR; };
		CF1894551E23758300AADD02 /* PhotoGalleryUITests.swift */ = {isa = PBXFileReference; lastKnownFileType = sourcecode.swift; path = PhotoGalleryUITests.swift; sourceTree = "<group>"; };
		CF1894571E23758300AADD02 /* Info.plist */ = {isa = PBXFileReference; lastKnownFileType = text.plist.xml; path = Info.plist; sourceTree = "<group>"; };
		CF1894631E237ADD00AADD02 /* index.html */ = {isa = PBXFileReference; fileEncoding = 4; lastKnownFileType = text.html; path = index.html; sourceTree = "<group>"; };
		CFC084261E24C9980053F102 /* placeholder.png */ = {isa = PBXFileReference; lastKnownFileType = image.png; path = placeholder.png; sourceTree = "<group>"; };
/* End PBXFileReference section */

/* Begin PBXFrameworksBuildPhase section */
		CF18942F1E23758300AADD02 /* Frameworks */ = {
			isa = PBXFrameworksBuildPhase;
			buildActionMask = 2147483647;
			files = (
			);
			runOnlyForDeploymentPostprocessing = 0;
		};
		CF1894431E23758300AADD02 /* Frameworks */ = {
			isa = PBXFrameworksBuildPhase;
			buildActionMask = 2147483647;
			files = (
			);
			runOnlyForDeploymentPostprocessing = 0;
		};
		CF18944E1E23758300AADD02 /* Frameworks */ = {
			isa = PBXFrameworksBuildPhase;
			buildActionMask = 2147483647;
			files = (
			);
			runOnlyForDeploymentPostprocessing = 0;
		};
/* End PBXFrameworksBuildPhase section */

/* Begin PBXGroup section */
		CF1894291E23758300AADD02 = {
			isa = PBXGroup;
			children = (
				CF1894341E23758300AADD02 /* PhotoGallery */,
				CF1894491E23758300AADD02 /* PhotoGalleryTests */,
				CF1894541E23758300AADD02 /* PhotoGalleryUITests */,
				CF1894331E23758300AADD02 /* Products */,
			);
			sourceTree = "<group>";
		};
		CF1894331E23758300AADD02 /* Products */ = {
			isa = PBXGroup;
			children = (
				CF1894321E23758300AADD02 /* PhotoGallery.app */,
				CF1894461E23758300AADD02 /* PhotoGalleryTests.xctest */,
				CF1894511E23758300AADD02 /* PhotoGalleryUITests.xctest */,
			);
			name = Products;
			sourceTree = "<group>";
		};
		CF1894341E23758300AADD02 /* PhotoGallery */ = {
			isa = PBXGroup;
			children = (
				CF1894351E23758300AADD02 /* AppDelegate.swift */,
				CF1894371E23758300AADD02 /* ViewController.swift */,
				CF1894631E237ADD00AADD02 /* index.html */,
				CFC084261E24C9980053F102 /* placeholder.png */,
				CF1894391E23758300AADD02 /* Main.storyboard */,
				CF18943C1E23758300AADD02 /* Assets.xcassets */,
				CF18943E1E23758300AADD02 /* LaunchScreen.storyboard */,
				CF1894411E23758300AADD02 /* Info.plist */,
			);
			path = PhotoGallery;
			sourceTree = "<group>";
		};
		CF1894491E23758300AADD02 /* PhotoGalleryTests */ = {
			isa = PBXGroup;
			children = (
				CF18944A1E23758300AADD02 /* PhotoGalleryTests.swift */,
				CF18944C1E23758300AADD02 /* Info.plist */,
			);
			path = PhotoGalleryTests;
			sourceTree = "<group>";
		};
		CF1894541E23758300AADD02 /* PhotoGalleryUITests */ = {
			isa = PBXGroup;
			children = (
				CF1894551E23758300AADD02 /* PhotoGalleryUITests.swift */,
				CF1894571E23758300AADD02 /* Info.plist */,
			);
			path = PhotoGalleryUITests;
			sourceTree = "<group>";
		};
/* End PBXGroup section */

/* Begin PBXNativeTarget section */
		CF1894311E23758300AADD02 /* PhotoGallery */ = {
			isa = PBXNativeTarget;
			buildConfigurationList = CF18945A1E23758300AADD02 /* Build configuration list for PBXNativeTarget "PhotoGallery" */;
			buildPhases = (
				CF18942E1E23758300AADD02 /* Sources */,
				CF18942F1E23758300AADD02 /* Frameworks */,
				CF1894301E23758300AADD02 /* Resources */,
			);
			buildRules = (
			);
			dependencies = (
			);
			name = PhotoGallery;
			productName = PhotoGallery;
			productReference = CF1894321E23758300AADD02 /* PhotoGallery.app */;
			productType = "com.apple.product-type.application";
		};
		CF1894451E23758300AADD02 /* PhotoGalleryTests */ = {
			isa = PBXNativeTarget;
			buildConfigurationList = CF18945D1E23758300AADD02 /* Build configuration list for PBXNativeTarget "PhotoGalleryTests" */;
			buildPhases = (
				CF1894421E23758300AADD02 /* Sources */,
				CF1894431E23758300AADD02 /* Frameworks */,
				CF1894441E23758300AADD02 /* Resources */,
			);
			buildRules = (
			);
			dependencies = (
				CF1894481E23758300AADD02 /* PBXTargetDependency */,
			);
			name = PhotoGalleryTests;
			productName = PhotoGalleryTests;
			productReference = CF1894461E23758300AADD02 /* PhotoGalleryTests.xctest */;
			productType = "com.apple.product-type.bundle.unit-test";
		};
		CF1894501E23758300AADD02 /* PhotoGalleryUITests */ = {
			isa = PBXNativeTarget;
			buildConfigurationList = CF1894601E23758300AADD02 /* Build configuration list for PBXNativeTarget "PhotoGalleryUITests" */;
			buildPhases = (
				CF18944D1E23758300AADD02 /* Sources */,
				CF18944E1E23758300AADD02 /* Frameworks */,
				CF18944F1E23758300AADD02 /* Resources */,
			);
			buildRules = (
			);
			dependencies = (
				CF1894531E23758300AADD02 /* PBXTargetDependency */,
			);
			name = PhotoGalleryUITests;
			productName = PhotoGalleryUITests;
			productReference = CF1894511E23758300AADD02 /* PhotoGalleryUITests.xctest */;
			productType = "com.apple.product-type.bundle.ui-testing";
		};
/* End PBXNativeTarget section */

/* Begin PBXProject section */
		CF18942A1E23758300AADD02 /* Project object */ = {
			isa = PBXProject;
			attributes = {
				LastSwiftUpdateCheck = 0800;
				LastUpgradeCheck = 0800;
				ORGANIZATIONNAME = Doubles_Z;
				TargetAttributes = {
					CF1894311E23758300AADD02 = {
						CreatedOnToolsVersion = 8.0;
						ProvisioningStyle = Automatic;
					};
					CF1894451E23758300AADD02 = {
						CreatedOnToolsVersion = 8.0;
						ProvisioningStyle = Automatic;
						TestTargetID = CF1894311E23758300AADD02;
					};
					CF1894501E23758300AADD02 = {
						CreatedOnToolsVersion = 8.0;
						ProvisioningStyle = Automatic;
						TestTargetID = CF1894311E23758300AADD02;
					};
				};
			};
			buildConfigurationList = CF18942D1E23758300AADD02 /* Build configuration list for PBXProject "PhotoGallery" */;
			compatibilityVersion = "Xcode 3.2";
			developmentRegion = English;
			hasScannedForEncodings = 0;
			knownRegions = (
				en,
				Base,
			);
			mainGroup = CF1894291E23758300AADD02;
			productRefGroup = CF1894331E23758300AADD02 /* Products */;
			projectDirPath = "";
			projectRoot = "";
			targets = (
				CF1894311E23758300AADD02 /* PhotoGallery */,
				CF1894451E23758300AADD02 /* PhotoGalleryTests */,
				CF1894501E23758300AADD02 /* PhotoGalleryUITests */,
			);
		};
/* End PBXProject section */

/* Begin PBXResourcesBuildPhase section */
		CF1894301E23758300AADD02 /* Resources */ = {
			isa = PBXResourcesBuildPhase;
			buildActionMask = 2147483647;
			files = (
				CF1894401E23758300AADD02 /* LaunchScreen.storyboard in Resources */,
				CF1894641E237ADD00AADD02 /* index.html in Resources */,
				CF18943D1E23758300AADD02 /* Assets.xcassets in Resources */,
				CFC084271E24C9980053F102 /* placeholder.png in Resources */,
				CF18943B1E23758300AADD02 /* Main.storyboard in Resources */,
			);
			runOnlyForDeploymentPostprocessing = 0;
		};
		CF1894441E23758300AADD02 /* Resources */ = {
			isa = PBXResourcesBuildPhase;
			buildActionMask = 2147483647;
			files = (
			);
			runOnlyForDeploymentPostprocessing = 0;
		};
		CF18944F1E23758300AADD02 /* Resources */ = {
			isa = PBXResourcesBuildPhase;
			buildActionMask = 2147483647;
			files = (
			);
			runOnlyForDeploymentPostprocessing = 0;
		};
/* End PBXResourcesBuildPhase section */

/* Begin PBXSourcesBuildPhase section */
		CF18942E1E23758300AADD02 /* Sources */ = {
			isa = PBXSourcesBuildPhase;
			buildActionMask = 2147483647;
			files = (
				CF1894381E23758300AADD02 /* ViewController.swift in Sources */,
				CF1894361E23758300AADD02 /* AppDelegate.swift in Sources */,
			);
			runOnlyForDeploymentPostprocessing = 0;
		};
		CF1894421E23758300AADD02 /* Sources */ = {
			isa = PBXSourcesBuildPhase;
			buildActionMask = 2147483647;
			files = (
				CF18944B1E23758300AADD02 /* PhotoGalleryTests.swift in Sources */,
			);
			runOnlyForDeploymentPostprocessing = 0;
		};
		CF18944D1E23758300AADD02 /* Sources */ = {
			isa = PBXSourcesBuildPhase;
			buildActionMask = 2147483647;
			files = (
				CF1894561E23758300AADD02 /* PhotoGalleryUITests.swift in Sources */,
			);
			runOnlyForDeploymentPostprocessing = 0;
		};
/* End PBXSourcesBuildPhase section */

/* Begin PBXTargetDependency section */
		CF1894481E23758300AADD02 /* PBXTargetDependency */ = {
			isa = PBXTargetDependency;
			target = CF1894311E23758300AADD02 /* PhotoGallery */;
			targetProxy = CF1894471E23758300AADD02 /* PBXContainerItemProxy */;
		};
		CF1894531E23758300AADD02 /* PBXTargetDependency */ = {
			isa = PBXTargetDependency;
			target = CF1894311E23758300AADD02 /* PhotoGallery */;
			targetProxy = CF1894521E23758300AADD02 /* PBXContainerItemProxy */;
		};
/* End PBXTargetDependency section */

/* Begin PBXVariantGroup section */
		CF1894391E23758300AADD02 /* Main.storyboard */ = {
			isa = PBXVariantGroup;
			children = (
				CF18943A1E23758300AADD02 /* Base */,
			);
			name = Main.storyboard;
			sourceTree = "<group>";
		};
		CF18943E1E23758300AADD02 /* LaunchScreen.storyboard */ = {
			isa = PBXVariantGroup;
			children = (
				CF18943F1E23758300AADD02 /* Base */,
			);
			name = LaunchScreen.storyboard;
			sourceTree = "<group>";
		};
/* End PBXVariantGroup section */

/* Begin XCBuildConfiguration section */
		CF1894581E23758300AADD02 /* Debug */ = {
			isa = XCBuildConfiguration;
			buildSettings = {
				ALWAYS_SEARCH_USER_PATHS = NO;
				CLANG_ANALYZER_NONNULL = YES;
				CLANG_CXX_LANGUAGE_STANDARD = "gnu++0x";
				CLANG_CXX_LIBRARY = "libc++";
				CLANG_ENABLE_MODULES = YES;
				CLANG_ENABLE_OBJC_ARC = YES;
				CLANG_WARN_BOOL_CONVERSION = YES;
				CLANG_WARN_CONSTANT_CONVERSION = YES;
				CLANG_WARN_DIRECT_OBJC_ISA_USAGE = YES_ERROR;
				CLANG_WARN_DOCUMENTATION_COMMENTS = YES;
				CLANG_WARN_EMPTY_BODY = YES;
				CLANG_WARN_ENUM_CONVERSION = YES;
				CLANG_WARN_INFINITE_RECURSION = YES;
				CLANG_WARN_INT_CONVERSION = YES;
				CLANG_WARN_OBJC_ROOT_CLASS = YES_ERROR;
				CLANG_WARN_SUSPICIOUS_MOVES = YES;
				CLANG_WARN_UNREACHABLE_CODE = YES;
				CLANG_WARN__DUPLICATE_METHOD_MATCH = YES;
				"CODE_SIGN_IDENTITY[sdk=iphoneos*]" = "iPhone Developer";
				COPY_PHASE_STRIP = NO;
				DEBUG_INFORMATION_FORMAT = dwarf;
				ENABLE_STRICT_OBJC_MSGSEND = YES;
				ENABLE_TESTABILITY = YES;
				GCC_C_LANGUAGE_STANDARD = gnu99;
				GCC_DYNAMIC_NO_PIC = NO;
				GCC_NO_COMMON_BLOCKS = YES;
				GCC_OPTIMIZATION_LEVEL = 0;
				GCC_PREPROCESSOR_DEFINITIONS = (
					"DEBUG=1",
					"$(inherited)",
				);
				GCC_WARN_64_TO_32_BIT_CONVERSION = YES;
				GCC_WARN_ABOUT_RETURN_TYPE = YES_ERROR;
				GCC_WARN_UNDECLARED_SELECTOR = YES;
				GCC_WARN_UNINITIALIZED_AUTOS = YES_AGGRESSIVE;
				GCC_WARN_UNUSED_FUNCTION = YES;
				GCC_WARN_UNUSED_VARIABLE = YES;
				IPHONEOS_DEPLOYMENT_TARGET = 10.0;
				MTL_ENABLE_DEBUG_INFO = YES;
				ONLY_ACTIVE_ARCH = YES;
				SDKROOT = iphoneos;
				SWIFT_ACTIVE_COMPILATION_CONDITIONS = DEBUG;
				SWIFT_OPTIMIZATION_LEVEL = "-Onone";
				TARGETED_DEVICE_FAMILY = "1,2";
			};
			name = Debug;
		};
		CF1894591E23758300AADD02 /* Release */ = {
			isa = XCBuildConfiguration;
			buildSettings = {
				ALWAYS_SEARCH_USER_PATHS = NO;
				CLANG_ANALYZER_NONNULL = YES;
				CLANG_CXX_LANGUAGE_STANDARD = "gnu++0x";
				CLANG_CXX_LIBRARY = "libc++";
				CLANG_ENABLE_MODULES = YES;
				CLANG_ENABLE_OBJC_ARC = YES;
				CLANG_WARN_BOOL_CONVERSION = YES;
				CLANG_WARN_CONSTANT_CONVERSION = YES;
				CLANG_WARN_DIRECT_OBJC_ISA_USAGE = YES_ERROR;
				CLANG_WARN_DOCUMENTATION_COMMENTS = YES;
				CLANG_WARN_EMPTY_BODY = YES;
				CLANG_WARN_ENUM_CONVERSION = YES;
				CLANG_WARN_INFINITE_RECURSION = YES;
				CLANG_WARN_INT_CONVERSION = YES;
				CLANG_WARN_OBJC_ROOT_CLASS = YES_ERROR;
				CLANG_WARN_SUSPICIOUS_MOVES = YES;
				CLANG_WARN_UNREACHABLE_CODE = YES;
				CLANG_WARN__DUPLICATE_METHOD_MATCH = YES;
				"CODE_SIGN_IDENTITY[sdk=iphoneos*]" = "iPhone Developer";
				COPY_PHASE_STRIP = NO;
				DEBUG_INFORMATION_FORMAT = "dwarf-with-dsym";
				ENABLE_NS_ASSERTIONS = NO;
				ENABLE_STRICT_OBJC_MSGSEND = YES;
				GCC_C_LANGUAGE_STANDARD = gnu99;
				GCC_NO_COMMON_BLOCKS = YES;
				GCC_WARN_64_TO_32_BIT_CONVERSION = YES;
				GCC_WARN_ABOUT_RETURN_TYPE = YES_ERROR;
				GCC_WARN_UNDECLARED_SELECTOR = YES;
				GCC_WARN_UNINITIALIZED_AUTOS = YES_AGGRESSIVE;
				GCC_WARN_UNUSED_FUNCTION = YES;
				GCC_WARN_UNUSED_VARIABLE = YES;
				IPHONEOS_DEPLOYMENT_TARGET = 10.0;
				MTL_ENABLE_DEBUG_INFO = NO;
				SDKROOT = iphoneos;
				SWIFT_OPTIMIZATION_LEVEL = "-Owholemodule";
				TARGETED_DEVICE_FAMILY = "1,2";
				VALIDATE_PRODUCT = YES;
			};
			name = Release;
		};
		CF18945B1E23758300AADD02 /* Debug */ = {
			isa = XCBuildConfiguration;
			buildSettings = {
				ASSETCATALOG_COMPILER_APPICON_NAME = AppIcon;
				INFOPLIST_FILE = PhotoGallery/Info.plist;
				LD_RUNPATH_SEARCH_PATHS = "$(inherited) @executable_path/Frameworks";
				PRODUCT_BUNDLE_IDENTIFIER = coderZsq.PhotoGallery;
				PRODUCT_NAME = "$(TARGET_NAME)";
				SWIFT_VERSION = 3.0;
			};
			name = Debug;
		};
		CF18945C1E23758300AADD02 /* Release */ = {
			isa = XCBuildConfiguration;
			buildSettings = {
				ASSETCATALOG_COMPILER_APPICON_NAME = AppIcon;
				INFOPLIST_FILE = PhotoGallery/Info.plist;
				LD_RUNPATH_SEARCH_PATHS = "$(inherited) @executable_path/Frameworks";
				PRODUCT_BUNDLE_IDENTIFIER = coderZsq.PhotoGallery;
				PRODUCT_NAME = "$(TARGET_NAME)";
				SWIFT_VERSION = 3.0;
			};
			name = Release;
		};
		CF18945E1E23758300AADD02 /* Debug */ = {
			isa = XCBuildConfiguration;
			buildSettings = {
				ALWAYS_EMBED_SWIFT_STANDARD_LIBRARIES = YES;
				BUNDLE_LOADER = "$(TEST_HOST)";
				INFOPLIST_FILE = PhotoGalleryTests/Info.plist;
				LD_RUNPATH_SEARCH_PATHS = "$(inherited) @executable_path/Frameworks @loader_path/Frameworks";
				PRODUCT_BUNDLE_IDENTIFIER = coderZsq.PhotoGalleryTests;
				PRODUCT_NAME = "$(TARGET_NAME)";
				SWIFT_VERSION = 3.0;
				TEST_HOST = "$(BUILT_PRODUCTS_DIR)/PhotoGallery.app/PhotoGallery";
			};
			name = Debug;
		};
		CF18945F1E23758300AADD02 /* Release */ = {
			isa = XCBuildConfiguration;
			buildSettings = {
				ALWAYS_EMBED_SWIFT_STANDARD_LIBRARIES = YES;
				BUNDLE_LOADER = "$(TEST_HOST)";
				INFOPLIST_FILE = PhotoGalleryTests/Info.plist;
				LD_RUNPATH_SEARCH_PATHS = "$(inherited) @executable_path/Frameworks @loader_path/Frameworks";
				PRODUCT_BUNDLE_IDENTIFIER = coderZsq.PhotoGalleryTests;
				PRODUCT_NAME = "$(TARGET_NAME)";
				SWIFT_VERSION = 3.0;
				TEST_HOST = "$(BUILT_PRODUCTS_DIR)/PhotoGallery.app/PhotoGallery";
			};
			name = Release;
		};
		CF1894611E23758300AADD02 /* Debug */ = {
			isa = XCBuildConfiguration;
			buildSettings = {
				ALWAYS_EMBED_SWIFT_STANDARD_LIBRARIES = YES;
				INFOPLIST_FILE = PhotoGalleryUITests/Info.plist;
				LD_RUNPATH_SEARCH_PATHS = "$(inherited) @executable_path/Frameworks @loader_path/Frameworks";
				PRODUCT_BUNDLE_IDENTIFIER = coderZsq.PhotoGalleryUITests;
				PRODUCT_NAME = "$(TARGET_NAME)";
				SWIFT_VERSION = 3.0;
				TEST_TARGET_NAME = PhotoGallery;
			};
			name = Debug;
		};
		CF1894621E23758300AADD02 /* Release */ = {
			isa = XCBuildConfiguration;
			buildSettings = {
				ALWAYS_EMBED_SWIFT_STANDARD_LIBRARIES = YES;
				INFOPLIST_FILE = PhotoGalleryUITests/Info.plist;
				LD_RUNPATH_SEARCH_PATHS = "$(inherited) @executable_path/Frameworks @loader_path/Frameworks";
				PRODUCT_BUNDLE_IDENTIFIER = coderZsq.PhotoGalleryUITests;
				PRODUCT_NAME = "$(TARGET_NAME)";
				SWIFT_VERSION = 3.0;
				TEST_TARGET_NAME = PhotoGallery;
			};
			name = Release;
		};
/* End XCBuildConfiguration section */

/* Begin XCConfigurationList section */
		CF18942D1E23758300AADD02 /* Build configuration list for PBXProject "PhotoGallery" */ = {
			isa = XCConfigurationList;
			buildConfigurations = (
				CF1894581E23758300AADD02 /* Debug */,
				CF1894591E23758300AADD02 /* Release */,
			);
			defaultConfigurationIsVisible = 0;
			defaultConfigurationName = Release;
		};
		CF18945A1E23758300AADD02 /* Build configuration list for PBXNativeTarget "PhotoGallery" */ = {
			isa = XCConfigurationList;
			buildConfigurations = (
				CF18945B1E23758300AADD02 /* Debug */,
				CF18945C1E23758300AADD02 /* Release */,
			);
			defaultConfigurationIsVisible = 0;
			defaultConfigurationName = Release;
		};
		CF18945D1E23758300AADD02 /* Build configuration list for PBXNativeTarget "PhotoGalleryTests" */ = {
			isa = XCConfigurationList;
			buildConfigurations = (
				CF18945E1E23758300AADD02 /* Debug */,
				CF18945F1E23758300AADD02 /* Release */,
			);
			defaultConfigurationIsVisible = 0;
			defaultConfigurationName = Release;
		};
		CF1894601E23758300AADD02 /* Build configuration list for PBXNativeTarget "PhotoGalleryUITests" */ = {
			isa = XCConfigurationList;
			buildConfigurations = (
				CF1894611E23758300AADD02 /* Debug */,
				CF1894621E23758300AADD02 /* Release */,
			);
			defaultConfigurationIsVisible = 0;
			defaultConfigurationName = Release;
		};
/* End XCConfigurationList section */
	};
	rootObject = CF18942A1E23758300AADD02 /* Project object */;
}
