PODS:
  - MJExtension (3.0.13)
  - SDWebImage (4.0.0):
    - SDWebImage/Core (= 4.0.0)
  - SDWebImage/Core (4.0.0)

DEPENDENCIES:
  - MJExtension
  - SDWebImage

SPEC REPOS:
  https://github.com/cocoapods/specs.git:
    - MJExtension
    - SDWebImage

SPEC CHECKSUMS:
  MJExtension: 5932755f451458eefa24239358817f8d291240c7
  SDWebImage: 76a6348bdc74eb5a55dd08a091ef298e56b55e41

PODFILE CHECKSUM: d6391740e1b31ea260e78a273e79f4009ac9eb8f

COCOAPODS: 1.5.3
